PODS:
  - Alamofire (5.4.3)
  - FloatRatingView (4.0)
  - InputBarAccessoryView (5.3.1):
    - InputBarAccessoryView/Core (= 5.3.1)
  - InputBarAccessoryView/Core (5.3.1)
  - Kingfisher (6.3.1)
  - MessageKit (3.6.1):
    - InputBarAccessoryView (~> 5.3.1)
  - SnapKit (5.0.1)
  - Socket.IO-Client-Swift (16.0.1):
    - Starscream (~> 4.0)
  - Starscream (4.0.4)
  - SwiftyBeaver (1.9.5)
  - SwiftyJSON (5.0.1)
  - SwiftyRate (3.5.4)
  - Tags (0.3.2)

DEPENDENCIES:
  - Alamofire
  - FloatRatingView
  - Kingfisher
  - MessageKit
  - SnapKit
  - Socket.IO-Client-Swift
  - SwiftyBeaver
  - SwiftyJSON
  - SwiftyRate
  - Tags

SPEC REPOS:
  trunk:
    - Alamofire
    - FloatRatingView
    - InputBarAccessoryView
    - Kingfisher
    - MessageKit
    - SnapKit
    - Socket.IO-Client-Swift
    - Starscream
    - SwiftyBeaver
    - SwiftyJSON
    - SwiftyRate
    - Tags

SPEC CHECKSUMS:
  Alamofire: e447a2774a40c996748296fa2c55112fdbbc42f9
  FloatRatingView: bb6bdddfbeec51b1d387b4bd50abc27b4dfccd48
  InputBarAccessoryView: 1f75d8c9f75e5e57f3ffac36ed58635a8005e0bc
  Kingfisher: 016c8b653a35add51dd34a3aba36b580041acc74
  MessageKit: d153fbbbcb12f3f4045a1ba8874298924dacfb62
  SnapKit: 97b92857e3df3a0c71833cce143274bf6ef8e5eb
  Socket.IO-Client-Swift: c116d6dc9fd6be9c259bacfe143f8725bce7d79e
  Starscream: 5178aed56b316f13fa3bc55694e583d35dd414d9
  SwiftyBeaver: 84069991dd5dca07d7069100985badaca7f0ce82
  SwiftyJSON: 2f33a42c6fbc52764d96f13368585094bfd8aa5e
  SwiftyRate: 57e86f7d988a5be405b70265c44cef800663098d
  Tags: e1d330baa83b7c855ef1eb47b04532771e32b5f5

PODFILE CHECKSUM: a894b069af1a5bfa44d665d695570973cda6e5a1

COCOAPODS: 1.11.3
