// !$*UTF8*$!
{
	archiveVersion = 1;
	classes = {
	};
	objectVersion = 51;
	objects = {

/* Begin PBXBuildFile section */
		031342CF9EEB589C31541910 /* Pods_LetsSwap.framework in Frameworks */ = {isa = PBXBuildFile; fileRef = 210E50C5D58454F92A7D2C7A /* Pods_LetsSwap.framework */; };
		3022F5D825BB07F9004C50B7 /* russia.json in Resources */ = {isa = PBXBuildFile; fileRef = 3022F5D725BB07F9004C50B7 /* russia.json */; };
		3022F5DC25BB0A2F004C50B7 /* CitiesListViewController.swift in Sources */ = {isa = PBXBuildFile; fileRef = 3022F5DB25BB0A2F004C50B7 /* CitiesListViewController.swift */; };
		3022F5DF25BB0A3D004C50B7 /* TagsListViewController.swift in Sources */ = {isa = PBXBuildFile; fileRef = 3022F5DE25BB0A3D004C50B7 /* TagsListViewController.swift */; };
		3022F5E325BB0BCE004C50B7 /* ChoosePropertyCell.swift in Sources */ = {isa = PBXBuildFile; fileRef = 3022F5E225BB0BCE004C50B7 /* ChoosePropertyCell.swift */; };
		3022F5E725BB32B0004C50B7 /* CityModel.swift in Sources */ = {isa = PBXBuildFile; fileRef = 3022F5E625BB32B0004C50B7 /* CityModel.swift */; };
		3022F5EF25BDFC00004C50B7 /* MyProfileFeedCollectionView.swift in Sources */ = {isa = PBXBuildFile; fileRef = 3022F5EE25BDFBFF004C50B7 /* MyProfileFeedCollectionView.swift */; };
		3022F5F325BDFDBF004C50B7 /* CreateOrderCell.swift in Sources */ = {isa = PBXBuildFile; fileRef = 3022F5F225BDFDBF004C50B7 /* CreateOrderCell.swift */; };
		3022F5FF25BF48F6004C50B7 /* FeedCollectionLayout.swift in Sources */ = {isa = PBXBuildFile; fileRef = 3022F5FE25BF48F6004C50B7 /* FeedCollectionLayout.swift */; };
		3022F62125C19C97004C50B7 /* InputPhoneNumberView.swift in Sources */ = {isa = PBXBuildFile; fileRef = 3022F62025C19C97004C50B7 /* InputPhoneNumberView.swift */; };
		3022F62D25C1A120004C50B7 /* SignInRouter.swift in Sources */ = {isa = PBXBuildFile; fileRef = 3022F62625C1A120004C50B7 /* SignInRouter.swift */; };
		3022F62E25C1A120004C50B7 /* SignInModels.swift in Sources */ = {isa = PBXBuildFile; fileRef = 3022F62725C1A120004C50B7 /* SignInModels.swift */; };
		3022F62F25C1A120004C50B7 /* SignInViewController.swift in Sources */ = {isa = PBXBuildFile; fileRef = 3022F62825C1A120004C50B7 /* SignInViewController.swift */; };
		3022F63725C1A273004C50B7 /* SignInConstants.swift in Sources */ = {isa = PBXBuildFile; fileRef = 3022F63625C1A273004C50B7 /* SignInConstants.swift */; };
		3022F63B25C1AAB4004C50B7 /* PhoneCountryButton.swift in Sources */ = {isa = PBXBuildFile; fileRef = 3022F63A25C1AAB4004C50B7 /* PhoneCountryButton.swift */; };
		3022F64725C1B598004C50B7 /* SignUpRouter.swift in Sources */ = {isa = PBXBuildFile; fileRef = 3022F64025C1B598004C50B7 /* SignUpRouter.swift */; };
		3022F64825C1B598004C50B7 /* SignUpModels.swift in Sources */ = {isa = PBXBuildFile; fileRef = 3022F64125C1B598004C50B7 /* SignUpModels.swift */; };
		3022F64925C1B598004C50B7 /* SignUpViewController.swift in Sources */ = {isa = PBXBuildFile; fileRef = 3022F64225C1B598004C50B7 /* SignUpViewController.swift */; };
		3022F65225C1B747004C50B7 /* SignUpConstants.swift in Sources */ = {isa = PBXBuildFile; fileRef = 3022F65125C1B747004C50B7 /* SignUpConstants.swift */; };
		3022F65925C1E930004C50B7 /* SignUpPresentationViewController.swift in Sources */ = {isa = PBXBuildFile; fileRef = 3022F65825C1E92F004C50B7 /* SignUpPresentationViewController.swift */; };
		3022F65C25C1F1F8004C50B7 /* UIPageControl + Extension.swift in Sources */ = {isa = PBXBuildFile; fileRef = 3022F65B25C1F1F8004C50B7 /* UIPageControl + Extension.swift */; };
		3022F65F25C2DA94004C50B7 /* NavigationController + Extension.swift in Sources */ = {isa = PBXBuildFile; fileRef = 3022F65E25C2DA94004C50B7 /* NavigationController + Extension.swift */; };
		3022F66225C2E443004C50B7 /* AppCoordinator.swift in Sources */ = {isa = PBXBuildFile; fileRef = 3022F66125C2E443004C50B7 /* AppCoordinator.swift */; };
		302CDE93258D5E08000B4275 /* String + Extension.swift in Sources */ = {isa = PBXBuildFile; fileRef = 302CDE92258D5E08000B4275 /* String + Extension.swift */; };
		302CDE96258D6049000B4275 /* UIFont + Extension.swift in Sources */ = {isa = PBXBuildFile; fileRef = 302CDE95258D6049000B4275 /* UIFont + Extension.swift */; };
		302CDE9D258D6439000B4275 /* FeedConstants.swift in Sources */ = {isa = PBXBuildFile; fileRef = 302CDE9C258D6439000B4275 /* FeedConstants.swift */; };
		303A06602593694300C14BFD /* Circe-Bold.ttf in Resources */ = {isa = PBXBuildFile; fileRef = 303A065F2593694300C14BFD /* Circe-Bold.ttf */; };
		303A067D2593843F00C14BFD /* LittleRoundButton.swift in Sources */ = {isa = PBXBuildFile; fileRef = 303A067C2593843E00C14BFD /* LittleRoundButton.swift */; };
		303A06822593B92200C14BFD /* PhotoCell.swift in Sources */ = {isa = PBXBuildFile; fileRef = 303A06812593B92200C14BFD /* PhotoCell.swift */; };
		303A06862593B93400C14BFD /* PhotosCollectionView.swift in Sources */ = {isa = PBXBuildFile; fileRef = 303A06852593B93400C14BFD /* PhotosCollectionView.swift */; };
		303A0694259477FF00C14BFD /* CommentRouter.swift in Sources */ = {isa = PBXBuildFile; fileRef = 303A068D259477FF00C14BFD /* CommentRouter.swift */; };
		303A0695259477FF00C14BFD /* CommentModels.swift in Sources */ = {isa = PBXBuildFile; fileRef = 303A068E259477FF00C14BFD /* CommentModels.swift */; };
		303A0696259477FF00C14BFD /* CommentViewController.swift in Sources */ = {isa = PBXBuildFile; fileRef = 303A068F259477FF00C14BFD /* CommentViewController.swift */; };
		303A069E25947C8400C14BFD /* CommentConstants.swift in Sources */ = {isa = PBXBuildFile; fileRef = 303A069D25947C8400C14BFD /* CommentConstants.swift */; };
		303AB78E2580FB3300F287C2 /* AppDelegate.swift in Sources */ = {isa = PBXBuildFile; fileRef = 303AB78D2580FB3300F287C2 /* AppDelegate.swift */; };
		303AB7902580FB3300F287C2 /* SceneDelegate.swift in Sources */ = {isa = PBXBuildFile; fileRef = 303AB78F2580FB3300F287C2 /* SceneDelegate.swift */; };
		303AB7972580FB3600F287C2 /* Assets.xcassets in Resources */ = {isa = PBXBuildFile; fileRef = 303AB7962580FB3600F287C2 /* Assets.xcassets */; };
		303AB79A2580FB3600F287C2 /* LaunchScreen.storyboard in Resources */ = {isa = PBXBuildFile; fileRef = 303AB7982580FB3600F287C2 /* LaunchScreen.storyboard */; };
		303AB7A6258163F400F287C2 /* ModelsPlan.swift in Sources */ = {isa = PBXBuildFile; fileRef = 303AB7A5258163F400F287C2 /* ModelsPlan.swift */; };
		303AB7A92581715300F287C2 /* DataFetcherPlan.swift in Sources */ = {isa = PBXBuildFile; fileRef = 303AB7A82581715300F287C2 /* DataFetcherPlan.swift */; };
		3060281F259B8DAA0046A2B0 /* MyProfileConstants.swift in Sources */ = {isa = PBXBuildFile; fileRef = 3060281E259B8DAA0046A2B0 /* MyProfileConstants.swift */; };
		3060282B259BBE400046A2B0 /* FullOrderPresenter.swift in Sources */ = {isa = PBXBuildFile; fileRef = 30602824259BBE400046A2B0 /* FullOrderPresenter.swift */; };
		3060282D259BBE400046A2B0 /* FullOrderRouter.swift in Sources */ = {isa = PBXBuildFile; fileRef = 30602826259BBE400046A2B0 /* FullOrderRouter.swift */; };
		3060282E259BBE400046A2B0 /* FullOrderModels.swift in Sources */ = {isa = PBXBuildFile; fileRef = 30602827259BBE400046A2B0 /* FullOrderModels.swift */; };
		3060282F259BBE400046A2B0 /* FullOrderViewController.swift in Sources */ = {isa = PBXBuildFile; fileRef = 30602828259BBE400046A2B0 /* FullOrderViewController.swift */; };
		30602830259BBE400046A2B0 /* FullOrderInteractor.swift in Sources */ = {isa = PBXBuildFile; fileRef = 30602829259BBE400046A2B0 /* FullOrderInteractor.swift */; };
		30602837259BC4160046A2B0 /* FullOrderConstants.swift in Sources */ = {isa = PBXBuildFile; fileRef = 30602836259BC4160046A2B0 /* FullOrderConstants.swift */; };
		3060283B259BC58E0046A2B0 /* UITextView + Extension.swift in Sources */ = {isa = PBXBuildFile; fileRef = 3060283A259BC58E0046A2B0 /* UITextView + Extension.swift */; };
		3060283E259BC94F0046A2B0 /* UILabel + Extension.swift in Sources */ = {isa = PBXBuildFile; fileRef = 3060283D259BC94F0046A2B0 /* UILabel + Extension.swift */; };
		30602842259CFEBC0046A2B0 /* ChooseTagsView.swift in Sources */ = {isa = PBXBuildFile; fileRef = 30602841259CFEBC0046A2B0 /* ChooseTagsView.swift */; };
		30602848259DE2F80046A2B0 /* EditProfileViewController.swift in Sources */ = {isa = PBXBuildFile; fileRef = 30602847259DE2F80046A2B0 /* EditProfileViewController.swift */; };
		3060284C259DE52C0046A2B0 /* UITextField + Extension.swift in Sources */ = {isa = PBXBuildFile; fileRef = 3060284B259DE52B0046A2B0 /* UITextField + Extension.swift */; };
		30602852259DEB2F0046A2B0 /* EditProfileConstants.swift in Sources */ = {isa = PBXBuildFile; fileRef = 30602851259DEB2F0046A2B0 /* EditProfileConstants.swift */; };
		30602856259DEF0F0046A2B0 /* TextFieldView.swift in Sources */ = {isa = PBXBuildFile; fileRef = 30602855259DEF0F0046A2B0 /* TextFieldView.swift */; };
		3060285B259E1E5A0046A2B0 /* ChangePropertyView.swift in Sources */ = {isa = PBXBuildFile; fileRef = 3060285A259E1E5A0046A2B0 /* ChangePropertyView.swift */; };
		3060285E259E2B590046A2B0 /* AddPhotoView.swift in Sources */ = {isa = PBXBuildFile; fileRef = 3060285D259E2B590046A2B0 /* AddPhotoView.swift */; };
		3072F33125C4750900CE7C65 /* SMSConfirmViewController.swift in Sources */ = {isa = PBXBuildFile; fileRef = 3072F33025C4750900CE7C65 /* SMSConfirmViewController.swift */; };
		3072F33925C4951C00CE7C65 /* AuthError.swift in Sources */ = {isa = PBXBuildFile; fileRef = 3072F33825C4951C00CE7C65 /* AuthError.swift */; };
		3072F33F25C57A3A00CE7C65 /* OTPTextField.swift in Sources */ = {isa = PBXBuildFile; fileRef = 3072F33E25C57A3A00CE7C65 /* OTPTextField.swift */; };
		3072F34425C57C6E00CE7C65 /* OTPStackView.swift in Sources */ = {isa = PBXBuildFile; fileRef = 3072F34325C57C6E00CE7C65 /* OTPStackView.swift */; };
		3072F34725C5A4B200CE7C65 /* CALayer + Extension.swift in Sources */ = {isa = PBXBuildFile; fileRef = 3072F34625C5A4B200CE7C65 /* CALayer + Extension.swift */; };
		3072F35125C6EC1E00CE7C65 /* UserAPIService.swift in Sources */ = {isa = PBXBuildFile; fileRef = 3072F35025C6EC1D00CE7C65 /* UserAPIService.swift */; };
		3072F35425C6EDAE00CE7C65 /* MyProfileError.swift in Sources */ = {isa = PBXBuildFile; fileRef = 3072F35325C6EDAE00CE7C65 /* MyProfileError.swift */; };
		3072F35B25C8177D00CE7C65 /* EditProfileViewModel.swift in Sources */ = {isa = PBXBuildFile; fileRef = 3072F35A25C8177D00CE7C65 /* EditProfileViewModel.swift */; };
		3072F36125C8367D00CE7C65 /* EditProfileRouter.swift in Sources */ = {isa = PBXBuildFile; fileRef = 3072F36025C8367D00CE7C65 /* EditProfileRouter.swift */; };
		307304DD258B692A0091D2F1 /* FeedCell.swift in Sources */ = {isa = PBXBuildFile; fileRef = 307304DC258B692A0091D2F1 /* FeedCell.swift */; };
		307304E4258B75BC0091D2F1 /* FeedResponse.swift in Sources */ = {isa = PBXBuildFile; fileRef = 307304E3258B75BC0091D2F1 /* FeedResponse.swift */; };
		307304EA258B7D0A0091D2F1 /* FeedDataFetcher.swift in Sources */ = {isa = PBXBuildFile; fileRef = 307304E9258B7D0A0091D2F1 /* FeedDataFetcher.swift */; };
		307304F4258B86CC0091D2F1 /* FeedError.swift in Sources */ = {isa = PBXBuildFile; fileRef = 307304F3258B86CC0091D2F1 /* FeedError.swift */; };
		307304F7258B913D0091D2F1 /* UIViewController + Extension.swift in Sources */ = {isa = PBXBuildFile; fileRef = 307304F6258B913D0091D2F1 /* UIViewController + Extension.swift */; };
		307304FA258BF4C80091D2F1 /* TagCell.swift in Sources */ = {isa = PBXBuildFile; fileRef = 307304F9258BF4C80091D2F1 /* TagCell.swift */; };
		30740C1C25D5548A000457AD /* MainFeedHeader.swift in Sources */ = {isa = PBXBuildFile; fileRef = 30740C1B25D5548A000457AD /* MainFeedHeader.swift */; };
		3075142525CC199A006D95F2 /* PhotosCarouselCollectionView.swift in Sources */ = {isa = PBXBuildFile; fileRef = 3075142425CC199A006D95F2 /* PhotosCarouselCollectionView.swift */; };
		3075142925CC53C5006D95F2 /* ImagePicker.swift in Sources */ = {isa = PBXBuildFile; fileRef = 3075142825CC53C5006D95F2 /* ImagePicker.swift */; };
		3075148825CD8F46006D95F2 /* MyProfileHeaderView.swift in Sources */ = {isa = PBXBuildFile; fileRef = 3075148725CD8F46006D95F2 /* MyProfileHeaderView.swift */; };
		3075148E25CDF441006D95F2 /* FeedOrderError.swift in Sources */ = {isa = PBXBuildFile; fileRef = 3075148D25CDF441006D95F2 /* FeedOrderError.swift */; };
		307529D225C97D1700D74939 /* UIBarButtonItem + Extension.swift in Sources */ = {isa = PBXBuildFile; fileRef = 307529D125C97D1700D74939 /* UIBarButtonItem + Extension.swift */; };
		307529D525C9883500D74939 /* Globals.swift in Sources */ = {isa = PBXBuildFile; fileRef = 307529D425C9883500D74939 /* Globals.swift */; };
		307529DD25C9B5FB00D74939 /* PlaceholderTextView.swift in Sources */ = {isa = PBXBuildFile; fileRef = 307529DC25C9B5FB00D74939 /* PlaceholderTextView.swift */; };
		307529E025C9FFD200D74939 /* PlusButtonCell.swift in Sources */ = {isa = PBXBuildFile; fileRef = 307529DF25C9FFD200D74939 /* PlusButtonCell.swift */; };
		308365D32589E59500578AE2 /* MainTabBarPresenter.swift in Sources */ = {isa = PBXBuildFile; fileRef = 308365CC2589E59500578AE2 /* MainTabBarPresenter.swift */; };
		308365D42589E59500578AE2 /* MainTabBarWorker.swift in Sources */ = {isa = PBXBuildFile; fileRef = 308365CD2589E59500578AE2 /* MainTabBarWorker.swift */; };
		308365D52589E59500578AE2 /* MainTabBarRouter.swift in Sources */ = {isa = PBXBuildFile; fileRef = 308365CE2589E59500578AE2 /* MainTabBarRouter.swift */; };
		308365D62589E59500578AE2 /* MainTabBarModels.swift in Sources */ = {isa = PBXBuildFile; fileRef = 308365CF2589E59500578AE2 /* MainTabBarModels.swift */; };
		308365D72589E59500578AE2 /* MainTabBarController.swift in Sources */ = {isa = PBXBuildFile; fileRef = 308365D02589E59500578AE2 /* MainTabBarController.swift */; };
		308365D82589E59500578AE2 /* MainTabBarInteractor.swift in Sources */ = {isa = PBXBuildFile; fileRef = 308365D12589E59500578AE2 /* MainTabBarInteractor.swift */; };
		308365E42589E65200578AE2 /* FeedPresenter.swift in Sources */ = {isa = PBXBuildFile; fileRef = 308365DD2589E65200578AE2 /* FeedPresenter.swift */; };
		308365E52589E65200578AE2 /* FeedWorker.swift in Sources */ = {isa = PBXBuildFile; fileRef = 308365DE2589E65200578AE2 /* FeedWorker.swift */; };
		308365E62589E65200578AE2 /* FeedRouter.swift in Sources */ = {isa = PBXBuildFile; fileRef = 308365DF2589E65200578AE2 /* FeedRouter.swift */; };
		308365E72589E65200578AE2 /* FeedModels.swift in Sources */ = {isa = PBXBuildFile; fileRef = 308365E02589E65200578AE2 /* FeedModels.swift */; };
		308365E82589E65200578AE2 /* FeedViewController.swift in Sources */ = {isa = PBXBuildFile; fileRef = 308365E12589E65200578AE2 /* FeedViewController.swift */; };
		308365E92589E65200578AE2 /* FeedInteractor.swift in Sources */ = {isa = PBXBuildFile; fileRef = 308365E22589E65200578AE2 /* FeedInteractor.swift */; };
		308365F12589F2A200578AE2 /* TitleView.swift in Sources */ = {isa = PBXBuildFile; fileRef = 308365F02589F2A200578AE2 /* TitleView.swift */; };
		308365FF2589F61700578AE2 /* UIColor + Extension.swift in Sources */ = {isa = PBXBuildFile; fileRef = 308365FE2589F61700578AE2 /* UIColor + Extension.swift */; };
		308366022589F81D00578AE2 /* UIButton + Extension.swift in Sources */ = {isa = PBXBuildFile; fileRef = 308366012589F81D00578AE2 /* UIButton + Extension.swift */; };
		308366072589FDC000578AE2 /* Constraints.swift in Sources */ = {isa = PBXBuildFile; fileRef = 308366062589FDC000578AE2 /* Constraints.swift */; };
		3083660B258A019A00578AE2 /* InsertableTextField.swift in Sources */ = {isa = PBXBuildFile; fileRef = 3083660A258A019A00578AE2 /* InsertableTextField.swift */; };
		30895F7B2594AE820091FA31 /* RequestSentViewController.swift in Sources */ = {isa = PBXBuildFile; fileRef = 30895F7A2594AE820091FA31 /* RequestSentViewController.swift */; };
		308D28CE258E4BA70088D340 /* TagsCollectionView.swift in Sources */ = {isa = PBXBuildFile; fileRef = 308D28CD258E4BA70088D340 /* TagsCollectionView.swift */; };
		308D28D3258E6C530088D340 /* TagsViewController.swift in Sources */ = {isa = PBXBuildFile; fileRef = 308D28D2258E6C530088D340 /* TagsViewController.swift */; };
		3096301125C4335D0076090F /* AuthService.swift in Sources */ = {isa = PBXBuildFile; fileRef = 3096301025C4335D0076090F /* AuthService.swift */; };
		30A4C9E425B8AD2400003DDE /* StackView + Extension.swift in Sources */ = {isa = PBXBuildFile; fileRef = 30A4C9E325B8AD2400003DDE /* StackView + Extension.swift */; };
		30A4C9EE25B8AF8200003DDE /* NotificationPresenter.swift in Sources */ = {isa = PBXBuildFile; fileRef = 30A4C9E725B8AF8200003DDE /* NotificationPresenter.swift */; };
		30A4C9EF25B8AF8200003DDE /* NotificationWorker.swift in Sources */ = {isa = PBXBuildFile; fileRef = 30A4C9E825B8AF8200003DDE /* NotificationWorker.swift */; };
		30A4C9F025B8AF8200003DDE /* NotificationRouter.swift in Sources */ = {isa = PBXBuildFile; fileRef = 30A4C9E925B8AF8200003DDE /* NotificationRouter.swift */; };
		30A4C9F125B8AF8200003DDE /* NotificationModels.swift in Sources */ = {isa = PBXBuildFile; fileRef = 30A4C9EA25B8AF8200003DDE /* NotificationModels.swift */; };
		30A4C9F225B8AF8200003DDE /* NotificationViewController.swift in Sources */ = {isa = PBXBuildFile; fileRef = 30A4C9EB25B8AF8200003DDE /* NotificationViewController.swift */; };
		30A4C9F325B8AF8200003DDE /* NotificationInteractor.swift in Sources */ = {isa = PBXBuildFile; fileRef = 30A4C9EC25B8AF8200003DDE /* NotificationInteractor.swift */; };
		30A4C9FB25B8B83F00003DDE /* NotificationCollectionView.swift in Sources */ = {isa = PBXBuildFile; fileRef = 30A4C9FA25B8B83F00003DDE /* NotificationCollectionView.swift */; };
		30A4C9FE25B8BB7800003DDE /* NotificationCell.swift in Sources */ = {isa = PBXBuildFile; fileRef = 30A4C9FD25B8BB7800003DDE /* NotificationCell.swift */; };
		30A4CA0125B9E55500003DDE /* NotificationSceneConstants.swift in Sources */ = {isa = PBXBuildFile; fileRef = 30A4CA0025B9E55500003DDE /* NotificationSceneConstants.swift */; };
		30AC736925D705F6006A4746 /* FavoriteOrderManager.swift in Sources */ = {isa = PBXBuildFile; fileRef = 30AC736825D705F6006A4746 /* FavoriteOrderManager.swift */; };
		30AC737325D83BE8006A4746 /* FavoriteOrdersPresenter.swift in Sources */ = {isa = PBXBuildFile; fileRef = 30AC736C25D83BE8006A4746 /* FavoriteOrdersPresenter.swift */; };
		30AC737525D83BE8006A4746 /* FavoriteOrdersRouter.swift in Sources */ = {isa = PBXBuildFile; fileRef = 30AC736E25D83BE8006A4746 /* FavoriteOrdersRouter.swift */; };
		30AC737625D83BE8006A4746 /* FavoriteOrdersModels.swift in Sources */ = {isa = PBXBuildFile; fileRef = 30AC736F25D83BE8006A4746 /* FavoriteOrdersModels.swift */; };
		30AC737725D83BE8006A4746 /* FavoriteOrdersViewController.swift in Sources */ = {isa = PBXBuildFile; fileRef = 30AC737025D83BE8006A4746 /* FavoriteOrdersViewController.swift */; };
		30AC737825D83BE8006A4746 /* FavoriteOrdersInteractor.swift in Sources */ = {isa = PBXBuildFile; fileRef = 30AC737125D83BE8006A4746 /* FavoriteOrdersInteractor.swift */; };
		30AC737F25D877E2006A4746 /* SwapsManager.swift in Sources */ = {isa = PBXBuildFile; fileRef = 30AC737E25D877E2006A4746 /* SwapsManager.swift */; };
		30BC10AE2599042000066D9B /* ChooseOrderError.swift in Sources */ = {isa = PBXBuildFile; fileRef = 30BC10AD2599042000066D9B /* ChooseOrderError.swift */; };
		30BC10BA2599156A00066D9B /* AlienProfilePresenter.swift in Sources */ = {isa = PBXBuildFile; fileRef = 30BC10B32599156A00066D9B /* AlienProfilePresenter.swift */; };
		30BC10BB2599156A00066D9B /* AlienProfileWorker.swift in Sources */ = {isa = PBXBuildFile; fileRef = 30BC10B42599156A00066D9B /* AlienProfileWorker.swift */; };
		30BC10BC2599156A00066D9B /* AlienProfileRouter.swift in Sources */ = {isa = PBXBuildFile; fileRef = 30BC10B52599156A00066D9B /* AlienProfileRouter.swift */; };
		30BC10BD2599156A00066D9B /* AlienProfileModels.swift in Sources */ = {isa = PBXBuildFile; fileRef = 30BC10B62599156A00066D9B /* AlienProfileModels.swift */; };
		30BC10BE2599156A00066D9B /* AlienProfileViewController.swift in Sources */ = {isa = PBXBuildFile; fileRef = 30BC10B72599156A00066D9B /* AlienProfileViewController.swift */; };
		30BC10BF2599156A00066D9B /* AlienProfileInteractor.swift in Sources */ = {isa = PBXBuildFile; fileRef = 30BC10B82599156A00066D9B /* AlienProfileInteractor.swift */; };
		30BC10C525991AF500066D9B /* ProfileTopView.swift in Sources */ = {isa = PBXBuildFile; fileRef = 30BC10C425991AF500066D9B /* ProfileTopView.swift */; };
		30BC10C8259920DA00066D9B /* AlienProfileConstants.swift in Sources */ = {isa = PBXBuildFile; fileRef = 30BC10C7259920DA00066D9B /* AlienProfileConstants.swift */; };
		30BC10CC2599342D00066D9B /* UIView + Extension.swift in Sources */ = {isa = PBXBuildFile; fileRef = 30BC10CB2599342C00066D9B /* UIView + Extension.swift */; };
		30BC10CF2599479000066D9B /* NameCityLabel.swift in Sources */ = {isa = PBXBuildFile; fileRef = 30BC10CE2599479000066D9B /* NameCityLabel.swift */; };
		30BC10D4259A021F00066D9B /* GlobalModels.swift in Sources */ = {isa = PBXBuildFile; fileRef = 30BC10D3259A021F00066D9B /* GlobalModels.swift */; };
		30BC10D8259A025900066D9B /* FeedViewModel.swift in Sources */ = {isa = PBXBuildFile; fileRef = 30BC10D7259A025900066D9B /* FeedViewModel.swift */; };
		30BC10DF259A04C200066D9B /* AlienProfileError.swift in Sources */ = {isa = PBXBuildFile; fileRef = 30BC10DE259A04C200066D9B /* AlienProfileError.swift */; };
		30BC10E3259A141400066D9B /* ProfileResponse.swift in Sources */ = {isa = PBXBuildFile; fileRef = 30BC10E2259A141400066D9B /* ProfileResponse.swift */; };
		30BC10FF259AA0C500066D9B /* MyProfilePresenter.swift in Sources */ = {isa = PBXBuildFile; fileRef = 30BC10F8259AA0C500066D9B /* MyProfilePresenter.swift */; };
		30BC1101259AA0C500066D9B /* MyProfileRouter.swift in Sources */ = {isa = PBXBuildFile; fileRef = 30BC10FA259AA0C500066D9B /* MyProfileRouter.swift */; };
		30BC1102259AA0C500066D9B /* MyProfileModels.swift in Sources */ = {isa = PBXBuildFile; fileRef = 30BC10FB259AA0C500066D9B /* MyProfileModels.swift */; };
		30BC1103259AA0C500066D9B /* MyProfileViewController.swift in Sources */ = {isa = PBXBuildFile; fileRef = 30BC10FC259AA0C500066D9B /* MyProfileViewController.swift */; };
		30BC1104259AA0C500066D9B /* MyProfileInteractor.swift in Sources */ = {isa = PBXBuildFile; fileRef = 30BC10FD259AA0C500066D9B /* MyProfileInteractor.swift */; };
		30CB74DE259121C700CB84D6 /* FeedOrderPresenter.swift in Sources */ = {isa = PBXBuildFile; fileRef = 30CB74D7259121C700CB84D6 /* FeedOrderPresenter.swift */; };
		30CB74E0259121C700CB84D6 /* FeedOrderRouter.swift in Sources */ = {isa = PBXBuildFile; fileRef = 30CB74D9259121C700CB84D6 /* FeedOrderRouter.swift */; };
		30CB74E1259121C700CB84D6 /* FeedOrderModels.swift in Sources */ = {isa = PBXBuildFile; fileRef = 30CB74DA259121C700CB84D6 /* FeedOrderModels.swift */; };
		30CB74E2259121C700CB84D6 /* FeedOrderViewController.swift in Sources */ = {isa = PBXBuildFile; fileRef = 30CB74DB259121C700CB84D6 /* FeedOrderViewController.swift */; };
		30CB74E3259121C700CB84D6 /* FeedOrderInteractor.swift in Sources */ = {isa = PBXBuildFile; fileRef = 30CB74DC259121C700CB84D6 /* FeedOrderInteractor.swift */; };
		30CB74E8259123DB00CB84D6 /* OrderError.swift in Sources */ = {isa = PBXBuildFile; fileRef = 30CB74E7259123DB00CB84D6 /* OrderError.swift */; };
		30CB74EC2591257B00CB84D6 /* OrderResponse.swift in Sources */ = {isa = PBXBuildFile; fileRef = 30CB74EB2591257B00CB84D6 /* OrderResponse.swift */; };
		30CB74EF25912B3200CB84D6 /* GeneralModels.swift in Sources */ = {isa = PBXBuildFile; fileRef = 30CB74EE25912B3200CB84D6 /* GeneralModels.swift */; };
		30CB74F42592344900CB84D6 /* OrderTitleView.swift in Sources */ = {isa = PBXBuildFile; fileRef = 30CB74F32592344800CB84D6 /* OrderTitleView.swift */; };
		30CB74FA259237ED00CB84D6 /* WebImageView.swift in Sources */ = {isa = PBXBuildFile; fileRef = 30CB74F9259237ED00CB84D6 /* WebImageView.swift */; };
		30CB74FD259238EF00CB84D6 /* FeedOrderConstants.swift in Sources */ = {isa = PBXBuildFile; fileRef = 30CB74FC259238EF00CB84D6 /* FeedOrderConstants.swift */; };
		30CB75022592795200CB84D6 /* Circe-Regular.ttf in Resources */ = {isa = PBXBuildFile; fileRef = 30CB75012592795200CB84D6 /* Circe-Regular.ttf */; };
		30CB750525927A4700CB84D6 /* FontsCheck.swift in Sources */ = {isa = PBXBuildFile; fileRef = 30CB750425927A4700CB84D6 /* FontsCheck.swift */; };
		30ED20C6258F8BF70039818A /* FeedCollectionView.swift in Sources */ = {isa = PBXBuildFile; fileRef = 30ED20C5258F8BF70039818A /* FeedCollectionView.swift */; };
/* End PBXBuildFile section */

/* Begin PBXFileReference section */
		0FDDB42C3174B459B64DF708 /* Pods-LetsSwap.debug.xcconfig */ = {isa = PBXFileReference; includeInIndex = 1; lastKnownFileType = text.xcconfig; name = "Pods-LetsSwap.debug.xcconfig"; path = "Target Support Files/Pods-LetsSwap/Pods-LetsSwap.debug.xcconfig"; sourceTree = "<group>"; };
		210E50C5D58454F92A7D2C7A /* Pods_LetsSwap.framework */ = {isa = PBXFileReference; explicitFileType = wrapper.framework; includeInIndex = 0; path = Pods_LetsSwap.framework; sourceTree = BUILT_PRODUCTS_DIR; };
		3022F5D725BB07F9004C50B7 /* russia.json */ = {isa = PBXFileReference; fileEncoding = 4; lastKnownFileType = text.json; path = russia.json; sourceTree = "<group>"; };
		3022F5DB25BB0A2F004C50B7 /* CitiesListViewController.swift */ = {isa = PBXFileReference; lastKnownFileType = sourcecode.swift; path = CitiesListViewController.swift; sourceTree = "<group>"; };
		3022F5DE25BB0A3D004C50B7 /* TagsListViewController.swift */ = {isa = PBXFileReference; lastKnownFileType = sourcecode.swift; path = TagsListViewController.swift; sourceTree = "<group>"; };
		3022F5E225BB0BCE004C50B7 /* ChoosePropertyCell.swift */ = {isa = PBXFileReference; lastKnownFileType = sourcecode.swift; path = ChoosePropertyCell.swift; sourceTree = "<group>"; };
		3022F5E625BB32B0004C50B7 /* CityModel.swift */ = {isa = PBXFileReference; lastKnownFileType = sourcecode.swift; path = CityModel.swift; sourceTree = "<group>"; };
		3022F5EE25BDFBFF004C50B7 /* MyProfileFeedCollectionView.swift */ = {isa = PBXFileReference; lastKnownFileType = sourcecode.swift; path = MyProfileFeedCollectionView.swift; sourceTree = "<group>"; };
		3022F5F225BDFDBF004C50B7 /* CreateOrderCell.swift */ = {isa = PBXFileReference; lastKnownFileType = sourcecode.swift; path = CreateOrderCell.swift; sourceTree = "<group>"; };
		3022F5FE25BF48F6004C50B7 /* FeedCollectionLayout.swift */ = {isa = PBXFileReference; lastKnownFileType = sourcecode.swift; path = FeedCollectionLayout.swift; sourceTree = "<group>"; };
		3022F62025C19C97004C50B7 /* InputPhoneNumberView.swift */ = {isa = PBXFileReference; lastKnownFileType = sourcecode.swift; path = InputPhoneNumberView.swift; sourceTree = "<group>"; };
		3022F62625C1A120004C50B7 /* SignInRouter.swift */ = {isa = PBXFileReference; lastKnownFileType = sourcecode.swift; path = SignInRouter.swift; sourceTree = "<group>"; };
		3022F62725C1A120004C50B7 /* SignInModels.swift */ = {isa = PBXFileReference; lastKnownFileType = sourcecode.swift; path = SignInModels.swift; sourceTree = "<group>"; };
		3022F62825C1A120004C50B7 /* SignInViewController.swift */ = {isa = PBXFileReference; lastKnownFileType = sourcecode.swift; path = SignInViewController.swift; sourceTree = "<group>"; };
		3022F63625C1A273004C50B7 /* SignInConstants.swift */ = {isa = PBXFileReference; lastKnownFileType = sourcecode.swift; path = SignInConstants.swift; sourceTree = "<group>"; };
		3022F63A25C1AAB4004C50B7 /* PhoneCountryButton.swift */ = {isa = PBXFileReference; lastKnownFileType = sourcecode.swift; path = PhoneCountryButton.swift; sourceTree = "<group>"; };
		3022F64025C1B598004C50B7 /* SignUpRouter.swift */ = {isa = PBXFileReference; lastKnownFileType = sourcecode.swift; path = SignUpRouter.swift; sourceTree = "<group>"; };
		3022F64125C1B598004C50B7 /* SignUpModels.swift */ = {isa = PBXFileReference; lastKnownFileType = sourcecode.swift; path = SignUpModels.swift; sourceTree = "<group>"; };
		3022F64225C1B598004C50B7 /* SignUpViewController.swift */ = {isa = PBXFileReference; lastKnownFileType = sourcecode.swift; path = SignUpViewController.swift; sourceTree = "<group>"; };
		3022F65125C1B747004C50B7 /* SignUpConstants.swift */ = {isa = PBXFileReference; lastKnownFileType = sourcecode.swift; path = SignUpConstants.swift; sourceTree = "<group>"; };
		3022F65825C1E92F004C50B7 /* SignUpPresentationViewController.swift */ = {isa = PBXFileReference; lastKnownFileType = sourcecode.swift; path = SignUpPresentationViewController.swift; sourceTree = "<group>"; };
		3022F65B25C1F1F8004C50B7 /* UIPageControl + Extension.swift */ = {isa = PBXFileReference; lastKnownFileType = sourcecode.swift; path = "UIPageControl + Extension.swift"; sourceTree = "<group>"; };
		3022F65E25C2DA94004C50B7 /* NavigationController + Extension.swift */ = {isa = PBXFileReference; lastKnownFileType = sourcecode.swift; path = "NavigationController + Extension.swift"; sourceTree = "<group>"; };
		3022F66125C2E443004C50B7 /* AppCoordinator.swift */ = {isa = PBXFileReference; lastKnownFileType = sourcecode.swift; path = AppCoordinator.swift; sourceTree = "<group>"; };
		302CDE92258D5E08000B4275 /* String + Extension.swift */ = {isa = PBXFileReference; lastKnownFileType = sourcecode.swift; path = "String + Extension.swift"; sourceTree = "<group>"; };
		302CDE95258D6049000B4275 /* UIFont + Extension.swift */ = {isa = PBXFileReference; lastKnownFileType = sourcecode.swift; path = "UIFont + Extension.swift"; sourceTree = "<group>"; };
		302CDE9C258D6439000B4275 /* FeedConstants.swift */ = {isa = PBXFileReference; lastKnownFileType = sourcecode.swift; path = FeedConstants.swift; sourceTree = "<group>"; };
		303A065F2593694300C14BFD /* Circe-Bold.ttf */ = {isa = PBXFileReference; lastKnownFileType = file; path = "Circe-Bold.ttf"; sourceTree = "<group>"; };
		303A067C2593843E00C14BFD /* LittleRoundButton.swift */ = {isa = PBXFileReference; lastKnownFileType = sourcecode.swift; path = LittleRoundButton.swift; sourceTree = "<group>"; };
		303A06812593B92200C14BFD /* PhotoCell.swift */ = {isa = PBXFileReference; lastKnownFileType = sourcecode.swift; path = PhotoCell.swift; sourceTree = "<group>"; };
		303A06852593B93400C14BFD /* PhotosCollectionView.swift */ = {isa = PBXFileReference; lastKnownFileType = sourcecode.swift; path = PhotosCollectionView.swift; sourceTree = "<group>"; };
		303A068D259477FF00C14BFD /* CommentRouter.swift */ = {isa = PBXFileReference; lastKnownFileType = sourcecode.swift; path = CommentRouter.swift; sourceTree = "<group>"; };
		303A068E259477FF00C14BFD /* CommentModels.swift */ = {isa = PBXFileReference; lastKnownFileType = sourcecode.swift; path = CommentModels.swift; sourceTree = "<group>"; };
		303A068F259477FF00C14BFD /* CommentViewController.swift */ = {isa = PBXFileReference; lastKnownFileType = sourcecode.swift; path = CommentViewController.swift; sourceTree = "<group>"; };
		303A069D25947C8400C14BFD /* CommentConstants.swift */ = {isa = PBXFileReference; lastKnownFileType = sourcecode.swift; path = CommentConstants.swift; sourceTree = "<group>"; };
		303AB78A2580FB3300F287C2 /* LetsSwap.app */ = {isa = PBXFileReference; explicitFileType = wrapper.application; includeInIndex = 0; path = LetsSwap.app; sourceTree = BUILT_PRODUCTS_DIR; };
		303AB78D2580FB3300F287C2 /* AppDelegate.swift */ = {isa = PBXFileReference; lastKnownFileType = sourcecode.swift; path = AppDelegate.swift; sourceTree = "<group>"; };
		303AB78F2580FB3300F287C2 /* SceneDelegate.swift */ = {isa = PBXFileReference; lastKnownFileType = sourcecode.swift; path = SceneDelegate.swift; sourceTree = "<group>"; };
		303AB7962580FB3600F287C2 /* Assets.xcassets */ = {isa = PBXFileReference; lastKnownFileType = folder.assetcatalog; path = Assets.xcassets; sourceTree = "<group>"; };
		303AB7992580FB3600F287C2 /* Base */ = {isa = PBXFileReference; lastKnownFileType = file.storyboard; name = Base; path = Base.lproj/LaunchScreen.storyboard; sourceTree = "<group>"; };
		303AB79B2580FB3600F287C2 /* Info.plist */ = {isa = PBXFileReference; lastKnownFileType = text.plist.xml; path = Info.plist; sourceTree = "<group>"; };
		303AB7A5258163F400F287C2 /* ModelsPlan.swift */ = {isa = PBXFileReference; lastKnownFileType = sourcecode.swift; path = ModelsPlan.swift; sourceTree = "<group>"; };
		303AB7A82581715300F287C2 /* DataFetcherPlan.swift */ = {isa = PBXFileReference; lastKnownFileType = sourcecode.swift; path = DataFetcherPlan.swift; sourceTree = "<group>"; };
		3060281E259B8DAA0046A2B0 /* MyProfileConstants.swift */ = {isa = PBXFileReference; lastKnownFileType = sourcecode.swift; path = MyProfileConstants.swift; sourceTree = "<group>"; };
		30602824259BBE400046A2B0 /* FullOrderPresenter.swift */ = {isa = PBXFileReference; lastKnownFileType = sourcecode.swift; path = FullOrderPresenter.swift; sourceTree = "<group>"; };
		30602826259BBE400046A2B0 /* FullOrderRouter.swift */ = {isa = PBXFileReference; lastKnownFileType = sourcecode.swift; path = FullOrderRouter.swift; sourceTree = "<group>"; };
		30602827259BBE400046A2B0 /* FullOrderModels.swift */ = {isa = PBXFileReference; lastKnownFileType = sourcecode.swift; path = FullOrderModels.swift; sourceTree = "<group>"; };
		30602828259BBE400046A2B0 /* FullOrderViewController.swift */ = {isa = PBXFileReference; lastKnownFileType = sourcecode.swift; path = FullOrderViewController.swift; sourceTree = "<group>"; };
		30602829259BBE400046A2B0 /* FullOrderInteractor.swift */ = {isa = PBXFileReference; lastKnownFileType = sourcecode.swift; path = FullOrderInteractor.swift; sourceTree = "<group>"; };
		30602836259BC4160046A2B0 /* FullOrderConstants.swift */ = {isa = PBXFileReference; lastKnownFileType = sourcecode.swift; path = FullOrderConstants.swift; sourceTree = "<group>"; };
		3060283A259BC58E0046A2B0 /* UITextView + Extension.swift */ = {isa = PBXFileReference; lastKnownFileType = sourcecode.swift; path = "UITextView + Extension.swift"; sourceTree = "<group>"; };
		3060283D259BC94F0046A2B0 /* UILabel + Extension.swift */ = {isa = PBXFileReference; lastKnownFileType = sourcecode.swift; path = "UILabel + Extension.swift"; sourceTree = "<group>"; };
		30602841259CFEBC0046A2B0 /* ChooseTagsView.swift */ = {isa = PBXFileReference; lastKnownFileType = sourcecode.swift; path = ChooseTagsView.swift; sourceTree = "<group>"; };
		30602847259DE2F80046A2B0 /* EditProfileViewController.swift */ = {isa = PBXFileReference; lastKnownFileType = sourcecode.swift; path = EditProfileViewController.swift; sourceTree = "<group>"; };
		3060284B259DE52B0046A2B0 /* UITextField + Extension.swift */ = {isa = PBXFileReference; lastKnownFileType = sourcecode.swift; path = "UITextField + Extension.swift"; sourceTree = "<group>"; };
		30602851259DEB2F0046A2B0 /* EditProfileConstants.swift */ = {isa = PBXFileReference; lastKnownFileType = sourcecode.swift; path = EditProfileConstants.swift; sourceTree = "<group>"; };
		30602855259DEF0F0046A2B0 /* TextFieldView.swift */ = {isa = PBXFileReference; lastKnownFileType = sourcecode.swift; path = TextFieldView.swift; sourceTree = "<group>"; };
		3060285A259E1E5A0046A2B0 /* ChangePropertyView.swift */ = {isa = PBXFileReference; lastKnownFileType = sourcecode.swift; path = ChangePropertyView.swift; sourceTree = "<group>"; };
		3060285D259E2B590046A2B0 /* AddPhotoView.swift */ = {isa = PBXFileReference; lastKnownFileType = sourcecode.swift; path = AddPhotoView.swift; sourceTree = "<group>"; };
		3072F33025C4750900CE7C65 /* SMSConfirmViewController.swift */ = {isa = PBXFileReference; fileEncoding = 4; lastKnownFileType = sourcecode.swift; path = SMSConfirmViewController.swift; sourceTree = "<group>"; };
		3072F33825C4951C00CE7C65 /* AuthError.swift */ = {isa = PBXFileReference; lastKnownFileType = sourcecode.swift; path = AuthError.swift; sourceTree = "<group>"; };
		3072F33E25C57A3A00CE7C65 /* OTPTextField.swift */ = {isa = PBXFileReference; lastKnownFileType = sourcecode.swift; path = OTPTextField.swift; sourceTree = "<group>"; };
		3072F34325C57C6E00CE7C65 /* OTPStackView.swift */ = {isa = PBXFileReference; lastKnownFileType = sourcecode.swift; path = OTPStackView.swift; sourceTree = "<group>"; };
		3072F34625C5A4B200CE7C65 /* CALayer + Extension.swift */ = {isa = PBXFileReference; lastKnownFileType = sourcecode.swift; path = "CALayer + Extension.swift"; sourceTree = "<group>"; };
		3072F35025C6EC1D00CE7C65 /* UserAPIService.swift */ = {isa = PBXFileReference; lastKnownFileType = sourcecode.swift; path = UserAPIService.swift; sourceTree = "<group>"; };
		3072F35325C6EDAE00CE7C65 /* MyProfileError.swift */ = {isa = PBXFileReference; lastKnownFileType = sourcecode.swift; path = MyProfileError.swift; sourceTree = "<group>"; };
		3072F35A25C8177D00CE7C65 /* EditProfileViewModel.swift */ = {isa = PBXFileReference; lastKnownFileType = sourcecode.swift; path = EditProfileViewModel.swift; sourceTree = "<group>"; };
		3072F36025C8367D00CE7C65 /* EditProfileRouter.swift */ = {isa = PBXFileReference; lastKnownFileType = sourcecode.swift; path = EditProfileRouter.swift; sourceTree = "<group>"; };
		307304DC258B692A0091D2F1 /* FeedCell.swift */ = {isa = PBXFileReference; lastKnownFileType = sourcecode.swift; path = FeedCell.swift; sourceTree = "<group>"; };
		307304E3258B75BC0091D2F1 /* FeedResponse.swift */ = {isa = PBXFileReference; lastKnownFileType = sourcecode.swift; path = FeedResponse.swift; sourceTree = "<group>"; };
		307304E9258B7D0A0091D2F1 /* FeedDataFetcher.swift */ = {isa = PBXFileReference; lastKnownFileType = sourcecode.swift; path = FeedDataFetcher.swift; sourceTree = "<group>"; };
		307304F3258B86CC0091D2F1 /* FeedError.swift */ = {isa = PBXFileReference; lastKnownFileType = sourcecode.swift; path = FeedError.swift; sourceTree = "<group>"; };
		307304F6258B913D0091D2F1 /* UIViewController + Extension.swift */ = {isa = PBXFileReference; lastKnownFileType = sourcecode.swift; path = "UIViewController + Extension.swift"; sourceTree = "<group>"; };
		307304F9258BF4C80091D2F1 /* TagCell.swift */ = {isa = PBXFileReference; lastKnownFileType = sourcecode.swift; path = TagCell.swift; sourceTree = "<group>"; };
		30740C1B25D5548A000457AD /* MainFeedHeader.swift */ = {isa = PBXFileReference; lastKnownFileType = sourcecode.swift; path = MainFeedHeader.swift; sourceTree = "<group>"; };
		3075142425CC199A006D95F2 /* PhotosCarouselCollectionView.swift */ = {isa = PBXFileReference; lastKnownFileType = sourcecode.swift; path = PhotosCarouselCollectionView.swift; sourceTree = "<group>"; };
		3075142825CC53C5006D95F2 /* ImagePicker.swift */ = {isa = PBXFileReference; lastKnownFileType = sourcecode.swift; path = ImagePicker.swift; sourceTree = "<group>"; };
		3075148725CD8F46006D95F2 /* MyProfileHeaderView.swift */ = {isa = PBXFileReference; lastKnownFileType = sourcecode.swift; path = MyProfileHeaderView.swift; sourceTree = "<group>"; };
		3075148D25CDF441006D95F2 /* FeedOrderError.swift */ = {isa = PBXFileReference; lastKnownFileType = sourcecode.swift; path = FeedOrderError.swift; sourceTree = "<group>"; };
		307529D125C97D1700D74939 /* UIBarButtonItem + Extension.swift */ = {isa = PBXFileReference; lastKnownFileType = sourcecode.swift; path = "UIBarButtonItem + Extension.swift"; sourceTree = "<group>"; };
		307529D425C9883500D74939 /* Globals.swift */ = {isa = PBXFileReference; lastKnownFileType = sourcecode.swift; path = Globals.swift; sourceTree = "<group>"; };
		307529DC25C9B5FB00D74939 /* PlaceholderTextView.swift */ = {isa = PBXFileReference; lastKnownFileType = sourcecode.swift; path = PlaceholderTextView.swift; sourceTree = "<group>"; };
		307529DF25C9FFD200D74939 /* PlusButtonCell.swift */ = {isa = PBXFileReference; lastKnownFileType = sourcecode.swift; path = PlusButtonCell.swift; sourceTree = "<group>"; };
		308365CC2589E59500578AE2 /* MainTabBarPresenter.swift */ = {isa = PBXFileReference; lastKnownFileType = sourcecode.swift; path = MainTabBarPresenter.swift; sourceTree = "<group>"; };
		308365CD2589E59500578AE2 /* MainTabBarWorker.swift */ = {isa = PBXFileReference; lastKnownFileType = sourcecode.swift; path = MainTabBarWorker.swift; sourceTree = "<group>"; };
		308365CE2589E59500578AE2 /* MainTabBarRouter.swift */ = {isa = PBXFileReference; lastKnownFileType = sourcecode.swift; path = MainTabBarRouter.swift; sourceTree = "<group>"; };
		308365CF2589E59500578AE2 /* MainTabBarModels.swift */ = {isa = PBXFileReference; lastKnownFileType = sourcecode.swift; path = MainTabBarModels.swift; sourceTree = "<group>"; };
		308365D02589E59500578AE2 /* MainTabBarController.swift */ = {isa = PBXFileReference; lastKnownFileType = sourcecode.swift; path = MainTabBarController.swift; sourceTree = "<group>"; };
		308365D12589E59500578AE2 /* MainTabBarInteractor.swift */ = {isa = PBXFileReference; lastKnownFileType = sourcecode.swift; path = MainTabBarInteractor.swift; sourceTree = "<group>"; };
		308365DD2589E65200578AE2 /* FeedPresenter.swift */ = {isa = PBXFileReference; lastKnownFileType = sourcecode.swift; path = FeedPresenter.swift; sourceTree = "<group>"; };
		308365DE2589E65200578AE2 /* FeedWorker.swift */ = {isa = PBXFileReference; lastKnownFileType = sourcecode.swift; path = FeedWorker.swift; sourceTree = "<group>"; };
		308365DF2589E65200578AE2 /* FeedRouter.swift */ = {isa = PBXFileReference; lastKnownFileType = sourcecode.swift; path = FeedRouter.swift; sourceTree = "<group>"; };
		308365E02589E65200578AE2 /* FeedModels.swift */ = {isa = PBXFileReference; lastKnownFileType = sourcecode.swift; path = FeedModels.swift; sourceTree = "<group>"; };
		308365E12589E65200578AE2 /* FeedViewController.swift */ = {isa = PBXFileReference; lastKnownFileType = sourcecode.swift; path = FeedViewController.swift; sourceTree = "<group>"; };
		308365E22589E65200578AE2 /* FeedInteractor.swift */ = {isa = PBXFileReference; lastKnownFileType = sourcecode.swift; path = FeedInteractor.swift; sourceTree = "<group>"; };
		308365F02589F2A200578AE2 /* TitleView.swift */ = {isa = PBXFileReference; lastKnownFileType = sourcecode.swift; path = TitleView.swift; sourceTree = "<group>"; };
		308365FE2589F61700578AE2 /* UIColor + Extension.swift */ = {isa = PBXFileReference; lastKnownFileType = sourcecode.swift; path = "UIColor + Extension.swift"; sourceTree = "<group>"; };
		308366012589F81D00578AE2 /* UIButton + Extension.swift */ = {isa = PBXFileReference; lastKnownFileType = sourcecode.swift; path = "UIButton + Extension.swift"; sourceTree = "<group>"; };
		308366062589FDC000578AE2 /* Constraints.swift */ = {isa = PBXFileReference; lastKnownFileType = sourcecode.swift; path = Constraints.swift; sourceTree = "<group>"; };
		3083660A258A019A00578AE2 /* InsertableTextField.swift */ = {isa = PBXFileReference; lastKnownFileType = sourcecode.swift; path = InsertableTextField.swift; sourceTree = "<group>"; };
		30895F7A2594AE820091FA31 /* RequestSentViewController.swift */ = {isa = PBXFileReference; lastKnownFileType = sourcecode.swift; path = RequestSentViewController.swift; sourceTree = "<group>"; };
		308D28CD258E4BA70088D340 /* TagsCollectionView.swift */ = {isa = PBXFileReference; lastKnownFileType = sourcecode.swift; path = TagsCollectionView.swift; sourceTree = "<group>"; };
		308D28D2258E6C530088D340 /* TagsViewController.swift */ = {isa = PBXFileReference; lastKnownFileType = sourcecode.swift; path = TagsViewController.swift; sourceTree = "<group>"; };
		3096301025C4335D0076090F /* AuthService.swift */ = {isa = PBXFileReference; lastKnownFileType = sourcecode.swift; path = AuthService.swift; sourceTree = "<group>"; };
		30A4C9E325B8AD2400003DDE /* StackView + Extension.swift */ = {isa = PBXFileReference; lastKnownFileType = sourcecode.swift; path = "StackView + Extension.swift"; sourceTree = "<group>"; };
		30A4C9E725B8AF8200003DDE /* NotificationPresenter.swift */ = {isa = PBXFileReference; lastKnownFileType = sourcecode.swift; path = NotificationPresenter.swift; sourceTree = "<group>"; };
		30A4C9E825B8AF8200003DDE /* NotificationWorker.swift */ = {isa = PBXFileReference; lastKnownFileType = sourcecode.swift; path = NotificationWorker.swift; sourceTree = "<group>"; };
		30A4C9E925B8AF8200003DDE /* NotificationRouter.swift */ = {isa = PBXFileReference; lastKnownFileType = sourcecode.swift; path = NotificationRouter.swift; sourceTree = "<group>"; };
		30A4C9EA25B8AF8200003DDE /* NotificationModels.swift */ = {isa = PBXFileReference; lastKnownFileType = sourcecode.swift; path = NotificationModels.swift; sourceTree = "<group>"; };
		30A4C9EB25B8AF8200003DDE /* NotificationViewController.swift */ = {isa = PBXFileReference; lastKnownFileType = sourcecode.swift; path = NotificationViewController.swift; sourceTree = "<group>"; };
		30A4C9EC25B8AF8200003DDE /* NotificationInteractor.swift */ = {isa = PBXFileReference; lastKnownFileType = sourcecode.swift; path = NotificationInteractor.swift; sourceTree = "<group>"; };
		30A4C9FA25B8B83F00003DDE /* NotificationCollectionView.swift */ = {isa = PBXFileReference; lastKnownFileType = sourcecode.swift; path = NotificationCollectionView.swift; sourceTree = "<group>"; };
		30A4C9FD25B8BB7800003DDE /* NotificationCell.swift */ = {isa = PBXFileReference; lastKnownFileType = sourcecode.swift; path = NotificationCell.swift; sourceTree = "<group>"; };
		30A4CA0025B9E55500003DDE /* NotificationSceneConstants.swift */ = {isa = PBXFileReference; lastKnownFileType = sourcecode.swift; path = NotificationSceneConstants.swift; sourceTree = "<group>"; };
		30AC736825D705F6006A4746 /* FavoriteOrderManager.swift */ = {isa = PBXFileReference; lastKnownFileType = sourcecode.swift; path = FavoriteOrderManager.swift; sourceTree = "<group>"; };
		30AC736C25D83BE8006A4746 /* FavoriteOrdersPresenter.swift */ = {isa = PBXFileReference; lastKnownFileType = sourcecode.swift; path = FavoriteOrdersPresenter.swift; sourceTree = "<group>"; };
		30AC736E25D83BE8006A4746 /* FavoriteOrdersRouter.swift */ = {isa = PBXFileReference; lastKnownFileType = sourcecode.swift; path = FavoriteOrdersRouter.swift; sourceTree = "<group>"; };
		30AC736F25D83BE8006A4746 /* FavoriteOrdersModels.swift */ = {isa = PBXFileReference; lastKnownFileType = sourcecode.swift; path = FavoriteOrdersModels.swift; sourceTree = "<group>"; };
		30AC737025D83BE8006A4746 /* FavoriteOrdersViewController.swift */ = {isa = PBXFileReference; lastKnownFileType = sourcecode.swift; path = FavoriteOrdersViewController.swift; sourceTree = "<group>"; };
		30AC737125D83BE8006A4746 /* FavoriteOrdersInteractor.swift */ = {isa = PBXFileReference; lastKnownFileType = sourcecode.swift; path = FavoriteOrdersInteractor.swift; sourceTree = "<group>"; };
		30AC737E25D877E2006A4746 /* SwapsManager.swift */ = {isa = PBXFileReference; lastKnownFileType = sourcecode.swift; path = SwapsManager.swift; sourceTree = "<group>"; };
		30BC10AD2599042000066D9B /* ChooseOrderError.swift */ = {isa = PBXFileReference; lastKnownFileType = sourcecode.swift; path = ChooseOrderError.swift; sourceTree = "<group>"; };
		30BC10B32599156A00066D9B /* AlienProfilePresenter.swift */ = {isa = PBXFileReference; lastKnownFileType = sourcecode.swift; path = AlienProfilePresenter.swift; sourceTree = "<group>"; };
		30BC10B42599156A00066D9B /* AlienProfileWorker.swift */ = {isa = PBXFileReference; lastKnownFileType = sourcecode.swift; path = AlienProfileWorker.swift; sourceTree = "<group>"; };
		30BC10B52599156A00066D9B /* AlienProfileRouter.swift */ = {isa = PBXFileReference; lastKnownFileType = sourcecode.swift; path = AlienProfileRouter.swift; sourceTree = "<group>"; };
		30BC10B62599156A00066D9B /* AlienProfileModels.swift */ = {isa = PBXFileReference; lastKnownFileType = sourcecode.swift; path = AlienProfileModels.swift; sourceTree = "<group>"; };
		30BC10B72599156A00066D9B /* AlienProfileViewController.swift */ = {isa = PBXFileReference; lastKnownFileType = sourcecode.swift; path = AlienProfileViewController.swift; sourceTree = "<group>"; };
		30BC10B82599156A00066D9B /* AlienProfileInteractor.swift */ = {isa = PBXFileReference; lastKnownFileType = sourcecode.swift; path = AlienProfileInteractor.swift; sourceTree = "<group>"; };
		30BC10C425991AF500066D9B /* ProfileTopView.swift */ = {isa = PBXFileReference; lastKnownFileType = sourcecode.swift; path = ProfileTopView.swift; sourceTree = "<group>"; };
		30BC10C7259920DA00066D9B /* AlienProfileConstants.swift */ = {isa = PBXFileReference; lastKnownFileType = sourcecode.swift; path = AlienProfileConstants.swift; sourceTree = "<group>"; };
		30BC10CB2599342C00066D9B /* UIView + Extension.swift */ = {isa = PBXFileReference; lastKnownFileType = sourcecode.swift; path = "UIView + Extension.swift"; sourceTree = "<group>"; };
		30BC10CE2599479000066D9B /* NameCityLabel.swift */ = {isa = PBXFileReference; lastKnownFileType = sourcecode.swift; path = NameCityLabel.swift; sourceTree = "<group>"; };
		30BC10D3259A021F00066D9B /* GlobalModels.swift */ = {isa = PBXFileReference; lastKnownFileType = sourcecode.swift; path = GlobalModels.swift; sourceTree = "<group>"; };
		30BC10D7259A025900066D9B /* FeedViewModel.swift */ = {isa = PBXFileReference; lastKnownFileType = sourcecode.swift; path = FeedViewModel.swift; sourceTree = "<group>"; };
		30BC10DE259A04C200066D9B /* AlienProfileError.swift */ = {isa = PBXFileReference; lastKnownFileType = sourcecode.swift; path = AlienProfileError.swift; sourceTree = "<group>"; };
		30BC10E2259A141400066D9B /* ProfileResponse.swift */ = {isa = PBXFileReference; lastKnownFileType = sourcecode.swift; path = ProfileResponse.swift; sourceTree = "<group>"; };
		30BC10F8259AA0C500066D9B /* MyProfilePresenter.swift */ = {isa = PBXFileReference; lastKnownFileType = sourcecode.swift; path = MyProfilePresenter.swift; sourceTree = "<group>"; };
		30BC10FA259AA0C500066D9B /* MyProfileRouter.swift */ = {isa = PBXFileReference; lastKnownFileType = sourcecode.swift; path = MyProfileRouter.swift; sourceTree = "<group>"; };
		30BC10FB259AA0C500066D9B /* MyProfileModels.swift */ = {isa = PBXFileReference; lastKnownFileType = sourcecode.swift; path = MyProfileModels.swift; sourceTree = "<group>"; };
		30BC10FC259AA0C500066D9B /* MyProfileViewController.swift */ = {isa = PBXFileReference; lastKnownFileType = sourcecode.swift; path = MyProfileViewController.swift; sourceTree = "<group>"; };
		30BC10FD259AA0C500066D9B /* MyProfileInteractor.swift */ = {isa = PBXFileReference; lastKnownFileType = sourcecode.swift; path = MyProfileInteractor.swift; sourceTree = "<group>"; };
		30CB74D7259121C700CB84D6 /* FeedOrderPresenter.swift */ = {isa = PBXFileReference; lastKnownFileType = sourcecode.swift; path = FeedOrderPresenter.swift; sourceTree = "<group>"; };
		30CB74D9259121C700CB84D6 /* FeedOrderRouter.swift */ = {isa = PBXFileReference; lastKnownFileType = sourcecode.swift; path = FeedOrderRouter.swift; sourceTree = "<group>"; };
		30CB74DA259121C700CB84D6 /* FeedOrderModels.swift */ = {isa = PBXFileReference; lastKnownFileType = sourcecode.swift; path = FeedOrderModels.swift; sourceTree = "<group>"; };
		30CB74DB259121C700CB84D6 /* FeedOrderViewController.swift */ = {isa = PBXFileReference; lastKnownFileType = sourcecode.swift; path = FeedOrderViewController.swift; sourceTree = "<group>"; };
		30CB74DC259121C700CB84D6 /* FeedOrderInteractor.swift */ = {isa = PBXFileReference; lastKnownFileType = sourcecode.swift; path = FeedOrderInteractor.swift; sourceTree = "<group>"; };
		30CB74E7259123DB00CB84D6 /* OrderError.swift */ = {isa = PBXFileReference; lastKnownFileType = sourcecode.swift; path = OrderError.swift; sourceTree = "<group>"; };
		30CB74EB2591257B00CB84D6 /* OrderResponse.swift */ = {isa = PBXFileReference; lastKnownFileType = sourcecode.swift; path = OrderResponse.swift; sourceTree = "<group>"; };
		30CB74EE25912B3200CB84D6 /* GeneralModels.swift */ = {isa = PBXFileReference; lastKnownFileType = sourcecode.swift; path = GeneralModels.swift; sourceTree = "<group>"; };
		30CB74F32592344800CB84D6 /* OrderTitleView.swift */ = {isa = PBXFileReference; lastKnownFileType = sourcecode.swift; path = OrderTitleView.swift; sourceTree = "<group>"; };
		30CB74F9259237ED00CB84D6 /* WebImageView.swift */ = {isa = PBXFileReference; lastKnownFileType = sourcecode.swift; path = WebImageView.swift; sourceTree = "<group>"; };
		30CB74FC259238EF00CB84D6 /* FeedOrderConstants.swift */ = {isa = PBXFileReference; lastKnownFileType = sourcecode.swift; path = FeedOrderConstants.swift; sourceTree = "<group>"; };
		30CB75012592795200CB84D6 /* Circe-Regular.ttf */ = {isa = PBXFileReference; lastKnownFileType = file; path = "Circe-Regular.ttf"; sourceTree = "<group>"; };
		30CB750425927A4700CB84D6 /* FontsCheck.swift */ = {isa = PBXFileReference; lastKnownFileType = sourcecode.swift; path = FontsCheck.swift; sourceTree = "<group>"; };
		30ED20C5258F8BF70039818A /* FeedCollectionView.swift */ = {isa = PBXFileReference; lastKnownFileType = sourcecode.swift; path = FeedCollectionView.swift; sourceTree = "<group>"; };
		F22BB14CA9FFFBF0B5D58E92 /* Pods-LetsSwap.release.xcconfig */ = {isa = PBXFileReference; includeInIndex = 1; lastKnownFileType = text.xcconfig; name = "Pods-LetsSwap.release.xcconfig"; path = "Target Support Files/Pods-LetsSwap/Pods-LetsSwap.release.xcconfig"; sourceTree = "<group>"; };
/* End PBXFileReference section */

/* Begin PBXFrameworksBuildPhase section */
		303AB7872580FB3300F287C2 /* Frameworks */ = {
			isa = PBXFrameworksBuildPhase;
			buildActionMask = 2147483647;
			files = (
				031342CF9EEB589C31541910 /* Pods_LetsSwap.framework in Frameworks */,
			);
			runOnlyForDeploymentPostprocessing = 0;
		};
/* End PBXFrameworksBuildPhase section */

/* Begin PBXGroup section */
		2C059C00ABDC4BDB0A7D0FFB /* Frameworks */ = {
			isa = PBXGroup;
			children = (
				210E50C5D58454F92A7D2C7A /* Pods_LetsSwap.framework */,
			);
			name = Frameworks;
			sourceTree = "<group>";
		};
		3022F5DA25BB0A0B004C50B7 /* ListScenes */ = {
			isa = PBXGroup;
			children = (
				3022F5E125BB0B5A004C50B7 /* Views */,
				3022F5DB25BB0A2F004C50B7 /* CitiesListViewController.swift */,
				3022F5DE25BB0A3D004C50B7 /* TagsListViewController.swift */,
			);
			path = ListScenes;
			sourceTree = "<group>";
		};
		3022F5E125BB0B5A004C50B7 /* Views */ = {
			isa = PBXGroup;
			children = (
				3022F5E225BB0BCE004C50B7 /* ChoosePropertyCell.swift */,
			);
			path = Views;
			sourceTree = "<group>";
		};
		3022F5ED25BDFBE2004C50B7 /* MyProfileFeedCollection */ = {
			isa = PBXGroup;
			children = (
				3022F5EE25BDFBFF004C50B7 /* MyProfileFeedCollectionView.swift */,
				3022F5F225BDFDBF004C50B7 /* CreateOrderCell.swift */,
				3075148725CD8F46006D95F2 /* MyProfileHeaderView.swift */,
			);
			path = MyProfileFeedCollection;
			sourceTree = "<group>";
		};
		3022F5F625BF42DA004C50B7 /* ScenesWithOrdersFeed */ = {
			isa = PBXGroup;
			children = (
				3022F5FA25BF431B004C50B7 /* Shared */,
				3022F5FC25BF43E6004C50B7 /* Scenes */,
			);
			path = ScenesWithOrdersFeed;
			sourceTree = "<group>";
		};
		3022F5FA25BF431B004C50B7 /* Shared */ = {
			isa = PBXGroup;
			children = (
				30ED20C4258F8BDE0039818A /* FeedCollectionView */,
				3022F5FE25BF48F6004C50B7 /* FeedCollectionLayout.swift */,
			);
			path = Shared;
			sourceTree = "<group>";
		};
		3022F5FC25BF43E6004C50B7 /* Scenes */ = {
			isa = PBXGroup;
			children = (
				30AC736B25D83B66006A4746 /* FavoriteOrdersScene */,
				30BC10F7259AA0A900066D9B /* MyProfileScene */,
				30BC10B22599150F00066D9B /* AlienProfileScene */,
				308365DC2589E60D00578AE2 /* MainFeedScene */,
			);
			path = Scenes;
			sourceTree = "<group>";
		};
		3022F60225C08982004C50B7 /* Main */ = {
			isa = PBXGroup;
			children = (
				3075142025CABD0E006D95F2 /* OpenedOrderScenes */,
				3022F5DA25BB0A0B004C50B7 /* ListScenes */,
				30A4C9E625B8AF3200003DDE /* NotificationsScene */,
				30602846259DE2870046A2B0 /* EditProfileScene */,
				3022F5F625BF42DA004C50B7 /* ScenesWithOrdersFeed */,
				30BC10B025990FEA00066D9B /* EndOfChosingOrder */,
			);
			path = Main;
			sourceTree = "<group>";
		};
		3022F60325C08991004C50B7 /* SignIn&SignUp */ = {
			isa = PBXGroup;
			children = (
				3022F63D25C1B582004C50B7 /* SignUpScene */,
				3022F62325C1A106004C50B7 /* SignInScene */,
				3072F33C25C57A0000CE7C65 /* OTPScene */,
				3022F65825C1E92F004C50B7 /* SignUpPresentationViewController.swift */,
			);
			path = "SignIn&SignUp";
			sourceTree = "<group>";
		};
		3022F62325C1A106004C50B7 /* SignInScene */ = {
			isa = PBXGroup;
			children = (
				3022F63625C1A273004C50B7 /* SignInConstants.swift */,
				3022F62825C1A120004C50B7 /* SignInViewController.swift */,
				3022F62625C1A120004C50B7 /* SignInRouter.swift */,
				3022F62725C1A120004C50B7 /* SignInModels.swift */,
			);
			path = SignInScene;
			sourceTree = "<group>";
		};
		3022F63D25C1B582004C50B7 /* SignUpScene */ = {
			isa = PBXGroup;
			children = (
				3022F65125C1B747004C50B7 /* SignUpConstants.swift */,
				3022F64225C1B598004C50B7 /* SignUpViewController.swift */,
				3022F64025C1B598004C50B7 /* SignUpRouter.swift */,
				3022F64125C1B598004C50B7 /* SignUpModels.swift */,
			);
			path = SignUpScene;
			sourceTree = "<group>";
		};
		303A06802593B8F200C14BFD /* PhotosCollectionView */ = {
			isa = PBXGroup;
			children = (
				303A06852593B93400C14BFD /* PhotosCollectionView.swift */,
			);
			path = PhotosCollectionView;
			sourceTree = "<group>";
		};
		303A068A259477E100C14BFD /* CommentScene */ = {
			isa = PBXGroup;
			children = (
				303A069D25947C8400C14BFD /* CommentConstants.swift */,
				303A068F259477FF00C14BFD /* CommentViewController.swift */,
				303A068D259477FF00C14BFD /* CommentRouter.swift */,
				303A068E259477FF00C14BFD /* CommentModels.swift */,
			);
			path = CommentScene;
			sourceTree = "<group>";
		};
		303AB7812580FB3300F287C2 = {
			isa = PBXGroup;
			children = (
				303AB78C2580FB3300F287C2 /* LetsSwap */,
				303AB78B2580FB3300F287C2 /* Products */,
				B3FB9C52585529090AA8BC87 /* Pods */,
				2C059C00ABDC4BDB0A7D0FFB /* Frameworks */,
			);
			sourceTree = "<group>";
		};
		303AB78B2580FB3300F287C2 /* Products */ = {
			isa = PBXGroup;
			children = (
				303AB78A2580FB3300F287C2 /* LetsSwap.app */,
			);
			name = Products;
			sourceTree = "<group>";
		};
		303AB78C2580FB3300F287C2 /* LetsSwap */ = {
			isa = PBXGroup;
			children = (
				3022F66125C2E443004C50B7 /* AppCoordinator.swift */,
				303AB78D2580FB3300F287C2 /* AppDelegate.swift */,
				303AB78F2580FB3300F287C2 /* SceneDelegate.swift */,
				307304E0258B74B20091D2F1 /* Services */,
				308365CA2589E4DA00578AE2 /* Modules */,
				30BC10D2259A01F500066D9B /* Global Models */,
				308365F92589F48B00578AE2 /* Kit */,
				308365F82589F46A00578AE2 /* Extensions */,
				30CB75002592789900CB84D6 /* Fonts */,
				308366052589FDB200578AE2 /* Helpers */,
				303AB7A3258163C900F287C2 /* Plan */,
				3022F5D725BB07F9004C50B7 /* russia.json */,
				303AB7962580FB3600F287C2 /* Assets.xcassets */,
				303AB7982580FB3600F287C2 /* LaunchScreen.storyboard */,
				303AB79B2580FB3600F287C2 /* Info.plist */,
			);
			path = LetsSwap;
			sourceTree = "<group>";
		};
		303AB7A3258163C900F287C2 /* Plan */ = {
			isa = PBXGroup;
			children = (
				303AB7A5258163F400F287C2 /* ModelsPlan.swift */,
				303AB7A82581715300F287C2 /* DataFetcherPlan.swift */,
			);
			path = Plan;
			sourceTree = "<group>";
		};
		30602823259BBDD30046A2B0 /* FullOrderScene */ = {
			isa = PBXGroup;
			children = (
				30602836259BC4160046A2B0 /* FullOrderConstants.swift */,
				30602840259CFE9B0046A2B0 /* views */,
				30602828259BBE400046A2B0 /* FullOrderViewController.swift */,
				30602829259BBE400046A2B0 /* FullOrderInteractor.swift */,
				30602824259BBE400046A2B0 /* FullOrderPresenter.swift */,
				30602826259BBE400046A2B0 /* FullOrderRouter.swift */,
				30602827259BBE400046A2B0 /* FullOrderModels.swift */,
			);
			path = FullOrderScene;
			sourceTree = "<group>";
		};
		30602840259CFE9B0046A2B0 /* views */ = {
			isa = PBXGroup;
			children = (
				303A06802593B8F200C14BFD /* PhotosCollectionView */,
				30602841259CFEBC0046A2B0 /* ChooseTagsView.swift */,
			);
			path = views;
			sourceTree = "<group>";
		};
		30602846259DE2870046A2B0 /* EditProfileScene */ = {
			isa = PBXGroup;
			children = (
				30602851259DEB2F0046A2B0 /* EditProfileConstants.swift */,
				30602847259DE2F80046A2B0 /* EditProfileViewController.swift */,
				3072F36025C8367D00CE7C65 /* EditProfileRouter.swift */,
				30602858259DEF1A0046A2B0 /* views */,
				3072F35E25C82AE100CE7C65 /* Models */,
			);
			path = EditProfileScene;
			sourceTree = "<group>";
		};
		30602858259DEF1A0046A2B0 /* views */ = {
			isa = PBXGroup;
			children = (
				3060285D259E2B590046A2B0 /* AddPhotoView.swift */,
			);
			path = views;
			sourceTree = "<group>";
		};
		3072F33C25C57A0000CE7C65 /* OTPScene */ = {
			isa = PBXGroup;
			children = (
				3072F33025C4750900CE7C65 /* SMSConfirmViewController.swift */,
				3072F34125C57A6200CE7C65 /* Views */,
			);
			path = OTPScene;
			sourceTree = "<group>";
		};
		3072F34125C57A6200CE7C65 /* Views */ = {
			isa = PBXGroup;
			children = (
				3072F33E25C57A3A00CE7C65 /* OTPTextField.swift */,
				3072F34325C57C6E00CE7C65 /* OTPStackView.swift */,
			);
			path = Views;
			sourceTree = "<group>";
		};
		3072F35E25C82AE100CE7C65 /* Models */ = {
			isa = PBXGroup;
			children = (
				3072F35A25C8177D00CE7C65 /* EditProfileViewModel.swift */,
			);
			path = Models;
			sourceTree = "<group>";
		};
		307304E0258B74B20091D2F1 /* Services */ = {
			isa = PBXGroup;
			children = (
				307304E1258B756D0091D2F1 /* Models */,
				307304E9258B7D0A0091D2F1 /* FeedDataFetcher.swift */,
				3096301025C4335D0076090F /* AuthService.swift */,
				3072F35025C6EC1D00CE7C65 /* UserAPIService.swift */,
				30AC736825D705F6006A4746 /* FavoriteOrderManager.swift */,
				30AC737E25D877E2006A4746 /* SwapsManager.swift */,
			);
			path = Services;
			sourceTree = "<group>";
		};
		307304E1258B756D0091D2F1 /* Models */ = {
			isa = PBXGroup;
			children = (
				30CB74EE25912B3200CB84D6 /* GeneralModels.swift */,
				307304E3258B75BC0091D2F1 /* FeedResponse.swift */,
				30CB74EB2591257B00CB84D6 /* OrderResponse.swift */,
				30BC10E2259A141400066D9B /* ProfileResponse.swift */,
			);
			path = Models;
			sourceTree = "<group>";
		};
		307304F1258B86B10091D2F1 /* Errors */ = {
			isa = PBXGroup;
			children = (
				3072F33825C4951C00CE7C65 /* AuthError.swift */,
				30BC10DE259A04C200066D9B /* AlienProfileError.swift */,
				307304F3258B86CC0091D2F1 /* FeedError.swift */,
				30CB74E7259123DB00CB84D6 /* OrderError.swift */,
				30BC10AD2599042000066D9B /* ChooseOrderError.swift */,
				3072F35325C6EDAE00CE7C65 /* MyProfileError.swift */,
				3075148D25CDF441006D95F2 /* FeedOrderError.swift */,
			);
			path = Errors;
			sourceTree = "<group>";
		};
		30740C1E25D554B2000457AD /* Views */ = {
			isa = PBXGroup;
			children = (
				308D28CC258E4B810088D340 /* TagsCollectionView */,
				308365EF2589F27A00578AE2 /* TitleView */,
				30740C1B25D5548A000457AD /* MainFeedHeader.swift */,
			);
			path = Views;
			sourceTree = "<group>";
		};
		3075142025CABD0E006D95F2 /* OpenedOrderScenes */ = {
			isa = PBXGroup;
			children = (
				3075142225CC1921006D95F2 /* Shared */,
				30602823259BBDD30046A2B0 /* FullOrderScene */,
				30CB74D02591218000CB84D6 /* FeedOrderScene */,
			);
			path = OpenedOrderScenes;
			sourceTree = "<group>";
		};
		3075142225CC1921006D95F2 /* Shared */ = {
			isa = PBXGroup;
			children = (
				3075142325CC192C006D95F2 /* Views */,
			);
			path = Shared;
			sourceTree = "<group>";
		};
		3075142325CC192C006D95F2 /* Views */ = {
			isa = PBXGroup;
			children = (
				303A06812593B92200C14BFD /* PhotoCell.swift */,
			);
			path = Views;
			sourceTree = "<group>";
		};
		308365CA2589E4DA00578AE2 /* Modules */ = {
			isa = PBXGroup;
			children = (
				308365CB2589E53000578AE2 /* MainTabBarController */,
				3022F60325C08991004C50B7 /* SignIn&SignUp */,
				3022F60225C08982004C50B7 /* Main */,
			);
			path = Modules;
			sourceTree = "<group>";
		};
		308365CB2589E53000578AE2 /* MainTabBarController */ = {
			isa = PBXGroup;
			children = (
				308365D02589E59500578AE2 /* MainTabBarController.swift */,
				308365CC2589E59500578AE2 /* MainTabBarPresenter.swift */,
				308365CD2589E59500578AE2 /* MainTabBarWorker.swift */,
				308365CE2589E59500578AE2 /* MainTabBarRouter.swift */,
				308365CF2589E59500578AE2 /* MainTabBarModels.swift */,
				308365D12589E59500578AE2 /* MainTabBarInteractor.swift */,
			);
			path = MainTabBarController;
			sourceTree = "<group>";
		};
		308365DC2589E60D00578AE2 /* MainFeedScene */ = {
			isa = PBXGroup;
			children = (
				302CDE9C258D6439000B4275 /* FeedConstants.swift */,
				308D28D1258E6C2B0088D340 /* Associated ViewControllers */,
				30740C1E25D554B2000457AD /* Views */,
				308365E12589E65200578AE2 /* FeedViewController.swift */,
				308365E22589E65200578AE2 /* FeedInteractor.swift */,
				308365DE2589E65200578AE2 /* FeedWorker.swift */,
				308365DD2589E65200578AE2 /* FeedPresenter.swift */,
				308365DF2589E65200578AE2 /* FeedRouter.swift */,
				308365E02589E65200578AE2 /* FeedModels.swift */,
			);
			path = MainFeedScene;
			sourceTree = "<group>";
		};
		308365EF2589F27A00578AE2 /* TitleView */ = {
			isa = PBXGroup;
			children = (
				308365F02589F2A200578AE2 /* TitleView.swift */,
				3083660A258A019A00578AE2 /* InsertableTextField.swift */,
			);
			path = TitleView;
			sourceTree = "<group>";
		};
		308365F82589F46A00578AE2 /* Extensions */ = {
			isa = PBXGroup;
			children = (
				308365FE2589F61700578AE2 /* UIColor + Extension.swift */,
				308366012589F81D00578AE2 /* UIButton + Extension.swift */,
				307304F6258B913D0091D2F1 /* UIViewController + Extension.swift */,
				302CDE92258D5E08000B4275 /* String + Extension.swift */,
				302CDE95258D6049000B4275 /* UIFont + Extension.swift */,
				30BC10CB2599342C00066D9B /* UIView + Extension.swift */,
				3060283A259BC58E0046A2B0 /* UITextView + Extension.swift */,
				3060283D259BC94F0046A2B0 /* UILabel + Extension.swift */,
				3060284B259DE52B0046A2B0 /* UITextField + Extension.swift */,
				30A4C9E325B8AD2400003DDE /* StackView + Extension.swift */,
				3072F34625C5A4B200CE7C65 /* CALayer + Extension.swift */,
				3022F65B25C1F1F8004C50B7 /* UIPageControl + Extension.swift */,
				3022F65E25C2DA94004C50B7 /* NavigationController + Extension.swift */,
				307529D125C97D1700D74939 /* UIBarButtonItem + Extension.swift */,
			);
			path = Extensions;
			sourceTree = "<group>";
		};
		308365F92589F48B00578AE2 /* Kit */ = {
			isa = PBXGroup;
			children = (
				3060285A259E1E5A0046A2B0 /* ChangePropertyView.swift */,
				30602855259DEF0F0046A2B0 /* TextFieldView.swift */,
				30CB74F9259237ED00CB84D6 /* WebImageView.swift */,
				303A067C2593843E00C14BFD /* LittleRoundButton.swift */,
				30BC10C425991AF500066D9B /* ProfileTopView.swift */,
				30BC10CE2599479000066D9B /* NameCityLabel.swift */,
				3022F62025C19C97004C50B7 /* InputPhoneNumberView.swift */,
				3022F63A25C1AAB4004C50B7 /* PhoneCountryButton.swift */,
				307529D425C9883500D74939 /* Globals.swift */,
				307529DC25C9B5FB00D74939 /* PlaceholderTextView.swift */,
				307529DF25C9FFD200D74939 /* PlusButtonCell.swift */,
				3075142825CC53C5006D95F2 /* ImagePicker.swift */,
			);
			path = Kit;
			sourceTree = "<group>";
		};
		308366052589FDB200578AE2 /* Helpers */ = {
			isa = PBXGroup;
			children = (
				307304F1258B86B10091D2F1 /* Errors */,
				308366062589FDC000578AE2 /* Constraints.swift */,
				30CB750425927A4700CB84D6 /* FontsCheck.swift */,
			);
			path = Helpers;
			sourceTree = "<group>";
		};
		308D28CC258E4B810088D340 /* TagsCollectionView */ = {
			isa = PBXGroup;
			children = (
				307304F9258BF4C80091D2F1 /* TagCell.swift */,
				308D28CD258E4BA70088D340 /* TagsCollectionView.swift */,
			);
			path = TagsCollectionView;
			sourceTree = "<group>";
		};
		308D28D1258E6C2B0088D340 /* Associated ViewControllers */ = {
			isa = PBXGroup;
			children = (
				308D28D2258E6C530088D340 /* TagsViewController.swift */,
			);
			path = "Associated ViewControllers";
			sourceTree = "<group>";
		};
		30A4C9E625B8AF3200003DDE /* NotificationsScene */ = {
			isa = PBXGroup;
			children = (
				30A4CA0025B9E55500003DDE /* NotificationSceneConstants.swift */,
				30A4C9F925B8B82500003DDE /* NotificationCollection */,
				30A4C9EB25B8AF8200003DDE /* NotificationViewController.swift */,
				30A4C9E725B8AF8200003DDE /* NotificationPresenter.swift */,
				30A4C9E825B8AF8200003DDE /* NotificationWorker.swift */,
				30A4C9E925B8AF8200003DDE /* NotificationRouter.swift */,
				30A4C9EA25B8AF8200003DDE /* NotificationModels.swift */,
				30A4C9EC25B8AF8200003DDE /* NotificationInteractor.swift */,
			);
			path = NotificationsScene;
			sourceTree = "<group>";
		};
		30A4C9F925B8B82500003DDE /* NotificationCollection */ = {
			isa = PBXGroup;
			children = (
				30A4C9FA25B8B83F00003DDE /* NotificationCollectionView.swift */,
				30A4C9FD25B8BB7800003DDE /* NotificationCell.swift */,
			);
			path = NotificationCollection;
			sourceTree = "<group>";
		};
		30AC736B25D83B66006A4746 /* FavoriteOrdersScene */ = {
			isa = PBXGroup;
			children = (
				30AC737025D83BE8006A4746 /* FavoriteOrdersViewController.swift */,
				30AC737125D83BE8006A4746 /* FavoriteOrdersInteractor.swift */,
				30AC736C25D83BE8006A4746 /* FavoriteOrdersPresenter.swift */,
				30AC736F25D83BE8006A4746 /* FavoriteOrdersModels.swift */,
				30AC736E25D83BE8006A4746 /* FavoriteOrdersRouter.swift */,
			);
			path = FavoriteOrdersScene;
			sourceTree = "<group>";
		};
		30BC10B025990FEA00066D9B /* EndOfChosingOrder */ = {
			isa = PBXGroup;
			children = (
				30895F7A2594AE820091FA31 /* RequestSentViewController.swift */,
				303A068A259477E100C14BFD /* CommentScene */,
			);
			path = EndOfChosingOrder;
			sourceTree = "<group>";
		};
		30BC10B22599150F00066D9B /* AlienProfileScene */ = {
			isa = PBXGroup;
			children = (
				30BC10C7259920DA00066D9B /* AlienProfileConstants.swift */,
				30BC10B72599156A00066D9B /* AlienProfileViewController.swift */,
				30BC10B82599156A00066D9B /* AlienProfileInteractor.swift */,
				30BC10B42599156A00066D9B /* AlienProfileWorker.swift */,
				30BC10B32599156A00066D9B /* AlienProfilePresenter.swift */,
				30BC10B52599156A00066D9B /* AlienProfileRouter.swift */,
				30BC10B62599156A00066D9B /* AlienProfileModels.swift */,
			);
			path = AlienProfileScene;
			sourceTree = "<group>";
		};
		30BC10D2259A01F500066D9B /* Global Models */ = {
			isa = PBXGroup;
			children = (
				3022F5E625BB32B0004C50B7 /* CityModel.swift */,
				30BC10D3259A021F00066D9B /* GlobalModels.swift */,
			);
			path = "Global Models";
			sourceTree = "<group>";
		};
		30BC10F7259AA0A900066D9B /* MyProfileScene */ = {
			isa = PBXGroup;
			children = (
				3060281E259B8DAA0046A2B0 /* MyProfileConstants.swift */,
				3022F5ED25BDFBE2004C50B7 /* MyProfileFeedCollection */,
				30BC10FC259AA0C500066D9B /* MyProfileViewController.swift */,
				30BC10FD259AA0C500066D9B /* MyProfileInteractor.swift */,
				30BC10F8259AA0C500066D9B /* MyProfilePresenter.swift */,
				30BC10FB259AA0C500066D9B /* MyProfileModels.swift */,
				30BC10FA259AA0C500066D9B /* MyProfileRouter.swift */,
			);
			path = MyProfileScene;
			sourceTree = "<group>";
		};
		30CB74D02591218000CB84D6 /* FeedOrderScene */ = {
			isa = PBXGroup;
			children = (
				30CB74FC259238EF00CB84D6 /* FeedOrderConstants.swift */,
				30CB74F72592354000CB84D6 /* Views */,
				30CB74DB259121C700CB84D6 /* FeedOrderViewController.swift */,
				30CB74DC259121C700CB84D6 /* FeedOrderInteractor.swift */,
				30CB74D7259121C700CB84D6 /* FeedOrderPresenter.swift */,
				30CB74D9259121C700CB84D6 /* FeedOrderRouter.swift */,
				30CB74DA259121C700CB84D6 /* FeedOrderModels.swift */,
			);
			path = FeedOrderScene;
			sourceTree = "<group>";
		};
		30CB74F72592354000CB84D6 /* Views */ = {
			isa = PBXGroup;
			children = (
				30CB74F32592344800CB84D6 /* OrderTitleView.swift */,
				3075142425CC199A006D95F2 /* PhotosCarouselCollectionView.swift */,
			);
			path = Views;
			sourceTree = "<group>";
		};
		30CB75002592789900CB84D6 /* Fonts */ = {
			isa = PBXGroup;
			children = (
				303A065F2593694300C14BFD /* Circe-Bold.ttf */,
				30CB75012592795200CB84D6 /* Circe-Regular.ttf */,
			);
			path = Fonts;
			sourceTree = "<group>";
		};
		30ED20C4258F8BDE0039818A /* FeedCollectionView */ = {
			isa = PBXGroup;
			children = (
				307304DC258B692A0091D2F1 /* FeedCell.swift */,
				30ED20C5258F8BF70039818A /* FeedCollectionView.swift */,
				30BC10D7259A025900066D9B /* FeedViewModel.swift */,
			);
			path = FeedCollectionView;
			sourceTree = "<group>";
		};
		B3FB9C52585529090AA8BC87 /* Pods */ = {
			isa = PBXGroup;
			children = (
				0FDDB42C3174B459B64DF708 /* Pods-LetsSwap.debug.xcconfig */,
				F22BB14CA9FFFBF0B5D58E92 /* Pods-LetsSwap.release.xcconfig */,
			);
			path = Pods;
			sourceTree = "<group>";
		};
/* End PBXGroup section */

/* Begin PBXNativeTarget section */
		303AB7892580FB3300F287C2 /* LetsSwap */ = {
			isa = PBXNativeTarget;
			buildConfigurationList = 303AB79E2580FB3600F287C2 /* Build configuration list for PBXNativeTarget "LetsSwap" */;
			buildPhases = (
				1D73600B392B8380417E22D2 /* [CP] Check Pods Manifest.lock */,
				303AB7862580FB3300F287C2 /* Sources */,
				303AB7872580FB3300F287C2 /* Frameworks */,
				303AB7882580FB3300F287C2 /* Resources */,
				FD7B2F1F2EC7C022A534BA8B /* [CP] Embed Pods Frameworks */,
			);
			buildRules = (
			);
			dependencies = (
			);
			name = LetsSwap;
			productName = LetsSwap;
			productReference = 303AB78A2580FB3300F287C2 /* LetsSwap.app */;
			productType = "com.apple.product-type.application";
		};
/* End PBXNativeTarget section */

/* Begin PBXProject section */
		303AB7822580FB3300F287C2 /* Project object */ = {
			isa = PBXProject;
			attributes = {
				LastSwiftUpdateCheck = 1220;
				LastUpgradeCheck = 1220;
				TargetAttributes = {
					303AB7892580FB3300F287C2 = {
						CreatedOnToolsVersion = 12.2;
					};
				};
			};
			buildConfigurationList = 303AB7852580FB3300F287C2 /* Build configuration list for PBXProject "LetsSwap" */;
			compatibilityVersion = "Xcode 9.3";
			developmentRegion = en;
			hasScannedForEncodings = 0;
			knownRegions = (
				en,
				Base,
			);
			mainGroup = 303AB7812580FB3300F287C2;
			productRefGroup = 303AB78B2580FB3300F287C2 /* Products */;
			projectDirPath = "";
			projectRoot = "";
			targets = (
				303AB7892580FB3300F287C2 /* LetsSwap */,
			);
		};
/* End PBXProject section */

/* Begin PBXResourcesBuildPhase section */
		303AB7882580FB3300F287C2 /* Resources */ = {
			isa = PBXResourcesBuildPhase;
			buildActionMask = 2147483647;
			files = (
				303AB79A2580FB3600F287C2 /* LaunchScreen.storyboard in Resources */,
				30CB75022592795200CB84D6 /* Circe-Regular.ttf in Resources */,
				3022F5D825BB07F9004C50B7 /* russia.json in Resources */,
				303A06602593694300C14BFD /* Circe-Bold.ttf in Resources */,
				303AB7972580FB3600F287C2 /* Assets.xcassets in Resources */,
			);
			runOnlyForDeploymentPostprocessing = 0;
		};
/* End PBXResourcesBuildPhase section */

/* Begin PBXShellScriptBuildPhase section */
		1D73600B392B8380417E22D2 /* [CP] Check Pods Manifest.lock */ = {
			isa = PBXShellScriptBuildPhase;
			buildActionMask = 2147483647;
			files = (
			);
			inputFileListPaths = (
			);
			inputPaths = (
				"${PODS_PODFILE_DIR_PATH}/Podfile.lock",
				"${PODS_ROOT}/Manifest.lock",
			);
			name = "[CP] Check Pods Manifest.lock";
			outputFileListPaths = (
			);
			outputPaths = (
				"$(DERIVED_FILE_DIR)/Pods-LetsSwap-checkManifestLockResult.txt",
			);
			runOnlyForDeploymentPostprocessing = 0;
			shellPath = /bin/sh;
			shellScript = "diff \"${PODS_PODFILE_DIR_PATH}/Podfile.lock\" \"${PODS_ROOT}/Manifest.lock\" > /dev/null\nif [ $? != 0 ] ; then\n    # print error to STDERR\n    echo \"error: The sandbox is not in sync with the Podfile.lock. Run 'pod install' or update your CocoaPods installation.\" >&2\n    exit 1\nfi\n# This output is used by Xcode 'outputs' to avoid re-running this script phase.\necho \"SUCCESS\" > \"${SCRIPT_OUTPUT_FILE_0}\"\n";
			showEnvVarsInLog = 0;
		};
		FD7B2F1F2EC7C022A534BA8B /* [CP] Embed Pods Frameworks */ = {
			isa = PBXShellScriptBuildPhase;
			buildActionMask = 2147483647;
			files = (
			);
			inputFileListPaths = (
				"${PODS_ROOT}/Target Support Files/Pods-LetsSwap/Pods-LetsSwap-frameworks-${CONFIGURATION}-input-files.xcfilelist",
			);
			name = "[CP] Embed Pods Frameworks";
			outputFileListPaths = (
				"${PODS_ROOT}/Target Support Files/Pods-LetsSwap/Pods-LetsSwap-frameworks-${CONFIGURATION}-output-files.xcfilelist",
			);
			runOnlyForDeploymentPostprocessing = 0;
			shellPath = /bin/sh;
			shellScript = "\"${PODS_ROOT}/Target Support Files/Pods-LetsSwap/Pods-LetsSwap-frameworks.sh\"\n";
			showEnvVarsInLog = 0;
		};
/* End PBXShellScriptBuildPhase section */

/* Begin PBXSourcesBuildPhase section */
		303AB7862580FB3300F287C2 /* Sources */ = {
			isa = PBXSourcesBuildPhase;
			buildActionMask = 2147483647;
			files = (
				3072F35B25C8177D00CE7C65 /* EditProfileViewModel.swift in Sources */,
				302CDE96258D6049000B4275 /* UIFont + Extension.swift in Sources */,
				30A4C9EE25B8AF8200003DDE /* NotificationPresenter.swift in Sources */,
				3022F66225C2E443004C50B7 /* AppCoordinator.swift in Sources */,
				30A4C9EF25B8AF8200003DDE /* NotificationWorker.swift in Sources */,
				3060285B259E1E5A0046A2B0 /* ChangePropertyView.swift in Sources */,
				308D28D3258E6C530088D340 /* TagsViewController.swift in Sources */,
				3022F64725C1B598004C50B7 /* SignUpRouter.swift in Sources */,
				307529D525C9883500D74939 /* Globals.swift in Sources */,
				30CB74E1259121C700CB84D6 /* FeedOrderModels.swift in Sources */,
				308365FF2589F61700578AE2 /* UIColor + Extension.swift in Sources */,
				3096301125C4335D0076090F /* AuthService.swift in Sources */,
				303A06822593B92200C14BFD /* PhotoCell.swift in Sources */,
				3022F64825C1B598004C50B7 /* SignUpModels.swift in Sources */,
				3022F5FF25BF48F6004C50B7 /* FeedCollectionLayout.swift in Sources */,
				3072F36125C8367D00CE7C65 /* EditProfileRouter.swift in Sources */,
				3072F34425C57C6E00CE7C65 /* OTPStackView.swift in Sources */,
				30CB74EC2591257B00CB84D6 /* OrderResponse.swift in Sources */,
				30BC10C525991AF500066D9B /* ProfileTopView.swift in Sources */,
				3022F5E725BB32B0004C50B7 /* CityModel.swift in Sources */,
				30AC737725D83BE8006A4746 /* FavoriteOrdersViewController.swift in Sources */,
				30CB750525927A4700CB84D6 /* FontsCheck.swift in Sources */,
				3060282D259BBE400046A2B0 /* FullOrderRouter.swift in Sources */,
				30BC1101259AA0C500066D9B /* MyProfileRouter.swift in Sources */,
				307529DD25C9B5FB00D74939 /* PlaceholderTextView.swift in Sources */,
				30602837259BC4160046A2B0 /* FullOrderConstants.swift in Sources */,
				308366022589F81D00578AE2 /* UIButton + Extension.swift in Sources */,
				30BC10BF2599156A00066D9B /* AlienProfileInteractor.swift in Sources */,
				303A0696259477FF00C14BFD /* CommentViewController.swift in Sources */,
				3022F62125C19C97004C50B7 /* InputPhoneNumberView.swift in Sources */,
				3022F5E325BB0BCE004C50B7 /* ChoosePropertyCell.swift in Sources */,
				307304F4258B86CC0091D2F1 /* FeedError.swift in Sources */,
				302CDE93258D5E08000B4275 /* String + Extension.swift in Sources */,
				30BC10D4259A021F00066D9B /* GlobalModels.swift in Sources */,
				3072F35425C6EDAE00CE7C65 /* MyProfileError.swift in Sources */,
				30BC10CF2599479000066D9B /* NameCityLabel.swift in Sources */,
				3022F65C25C1F1F8004C50B7 /* UIPageControl + Extension.swift in Sources */,
				308365D62589E59500578AE2 /* MainTabBarModels.swift in Sources */,
				3060282E259BBE400046A2B0 /* FullOrderModels.swift in Sources */,
				30A4C9F225B8AF8200003DDE /* NotificationViewController.swift in Sources */,
				3060285E259E2B590046A2B0 /* AddPhotoView.swift in Sources */,
				30CB74E8259123DB00CB84D6 /* OrderError.swift in Sources */,
				30BC10D8259A025900066D9B /* FeedViewModel.swift in Sources */,
				30A4C9F025B8AF8200003DDE /* NotificationRouter.swift in Sources */,
				303AB7A92581715300F287C2 /* DataFetcherPlan.swift in Sources */,
				303A067D2593843F00C14BFD /* LittleRoundButton.swift in Sources */,
				307304FA258BF4C80091D2F1 /* TagCell.swift in Sources */,
				3075148825CD8F46006D95F2 /* MyProfileHeaderView.swift in Sources */,
				3072F33F25C57A3A00CE7C65 /* OTPTextField.swift in Sources */,
				308366072589FDC000578AE2 /* Constraints.swift in Sources */,
				3072F35125C6EC1E00CE7C65 /* UserAPIService.swift in Sources */,
				30BC10CC2599342D00066D9B /* UIView + Extension.swift in Sources */,
				308365D42589E59500578AE2 /* MainTabBarWorker.swift in Sources */,
				3022F65F25C2DA94004C50B7 /* NavigationController + Extension.swift in Sources */,
				30602856259DEF0F0046A2B0 /* TextFieldView.swift in Sources */,
				30602848259DE2F80046A2B0 /* EditProfileViewController.swift in Sources */,
				308365E92589E65200578AE2 /* FeedInteractor.swift in Sources */,
				30AC737625D83BE8006A4746 /* FavoriteOrdersModels.swift in Sources */,
				30BC10BE2599156A00066D9B /* AlienProfileViewController.swift in Sources */,
				30895F7B2594AE820091FA31 /* RequestSentViewController.swift in Sources */,
				30A4C9F125B8AF8200003DDE /* NotificationModels.swift in Sources */,
				3022F5DC25BB0A2F004C50B7 /* CitiesListViewController.swift in Sources */,
				303A0695259477FF00C14BFD /* CommentModels.swift in Sources */,
				3022F63725C1A273004C50B7 /* SignInConstants.swift in Sources */,
				30BC10E3259A141400066D9B /* ProfileResponse.swift in Sources */,
				30A4C9E425B8AD2400003DDE /* StackView + Extension.swift in Sources */,
				3060282F259BBE400046A2B0 /* FullOrderViewController.swift in Sources */,
				30A4C9FB25B8B83F00003DDE /* NotificationCollectionView.swift in Sources */,
				308365F12589F2A200578AE2 /* TitleView.swift in Sources */,
				308365D52589E59500578AE2 /* MainTabBarRouter.swift in Sources */,
				3060284C259DE52C0046A2B0 /* UITextField + Extension.swift in Sources */,
				30BC10AE2599042000066D9B /* ChooseOrderError.swift in Sources */,
				308365D72589E59500578AE2 /* MainTabBarController.swift in Sources */,
				3060281F259B8DAA0046A2B0 /* MyProfileConstants.swift in Sources */,
				30CB74FD259238EF00CB84D6 /* FeedOrderConstants.swift in Sources */,
				30CB74E3259121C700CB84D6 /* FeedOrderInteractor.swift in Sources */,
				308365E82589E65200578AE2 /* FeedViewController.swift in Sources */,
				3022F5DF25BB0A3D004C50B7 /* TagsListViewController.swift in Sources */,
				30602842259CFEBC0046A2B0 /* ChooseTagsView.swift in Sources */,
				307529E025C9FFD200D74939 /* PlusButtonCell.swift in Sources */,
				303A069E25947C8400C14BFD /* CommentConstants.swift in Sources */,
				3075148E25CDF441006D95F2 /* FeedOrderError.swift in Sources */,
				303AB78E2580FB3300F287C2 /* AppDelegate.swift in Sources */,
				308365D82589E59500578AE2 /* MainTabBarInteractor.swift in Sources */,
				308D28CE258E4BA70088D340 /* TagsCollectionView.swift in Sources */,
				3083660B258A019A00578AE2 /* InsertableTextField.swift in Sources */,
				303AB7902580FB3300F287C2 /* SceneDelegate.swift in Sources */,
				30BC10BB2599156A00066D9B /* AlienProfileWorker.swift in Sources */,
				3072F33125C4750900CE7C65 /* SMSConfirmViewController.swift in Sources */,
				30CB74DE259121C700CB84D6 /* FeedOrderPresenter.swift in Sources */,
				3022F5EF25BDFC00004C50B7 /* MyProfileFeedCollectionView.swift in Sources */,
				307304EA258B7D0A0091D2F1 /* FeedDataFetcher.swift in Sources */,
				307304DD258B692A0091D2F1 /* FeedCell.swift in Sources */,
				308365E72589E65200578AE2 /* FeedModels.swift in Sources */,
				30CB74E2259121C700CB84D6 /* FeedOrderViewController.swift in Sources */,
				3022F65925C1E930004C50B7 /* SignUpPresentationViewController.swift in Sources */,
				30740C1C25D5548A000457AD /* MainFeedHeader.swift in Sources */,
				30BC10C8259920DA00066D9B /* AlienProfileConstants.swift in Sources */,
				3075142525CC199A006D95F2 /* PhotosCarouselCollectionView.swift in Sources */,
				3075142925CC53C5006D95F2 /* ImagePicker.swift in Sources */,
				30602852259DEB2F0046A2B0 /* EditProfileConstants.swift in Sources */,
				3022F5F325BDFDBF004C50B7 /* CreateOrderCell.swift in Sources */,
				30AC736925D705F6006A4746 /* FavoriteOrderManager.swift in Sources */,
				303AB7A6258163F400F287C2 /* ModelsPlan.swift in Sources */,
				303A06862593B93400C14BFD /* PhotosCollectionView.swift in Sources */,
				30AC737325D83BE8006A4746 /* FavoriteOrdersPresenter.swift in Sources */,
				3022F62F25C1A120004C50B7 /* SignInViewController.swift in Sources */,
				30BC10BD2599156A00066D9B /* AlienProfileModels.swift in Sources */,
				3022F64925C1B598004C50B7 /* SignUpViewController.swift in Sources */,
				3022F62E25C1A120004C50B7 /* SignInModels.swift in Sources */,
				30ED20C6258F8BF70039818A /* FeedCollectionView.swift in Sources */,
				3060283B259BC58E0046A2B0 /* UITextView + Extension.swift in Sources */,
				30AC737825D83BE8006A4746 /* FavoriteOrdersInteractor.swift in Sources */,
				308365E62589E65200578AE2 /* FeedRouter.swift in Sources */,
				30A4C9FE25B8BB7800003DDE /* NotificationCell.swift in Sources */,
				30BC10DF259A04C200066D9B /* AlienProfileError.swift in Sources */,
				30602830259BBE400046A2B0 /* FullOrderInteractor.swift in Sources */,
				3072F34725C5A4B200CE7C65 /* CALayer + Extension.swift in Sources */,
				30CB74E0259121C700CB84D6 /* FeedOrderRouter.swift in Sources */,
				307304E4258B75BC0091D2F1 /* FeedResponse.swift in Sources */,
				30BC1102259AA0C500066D9B /* MyProfileModels.swift in Sources */,
				30BC1103259AA0C500066D9B /* MyProfileViewController.swift in Sources */,
				30CB74EF25912B3200CB84D6 /* GeneralModels.swift in Sources */,
				30BC1104259AA0C500066D9B /* MyProfileInteractor.swift in Sources */,
				30AC737F25D877E2006A4746 /* SwapsManager.swift in Sources */,
				30A4CA0125B9E55500003DDE /* NotificationSceneConstants.swift in Sources */,
				307529D225C97D1700D74939 /* UIBarButtonItem + Extension.swift in Sources */,
				30BC10BC2599156A00066D9B /* AlienProfileRouter.swift in Sources */,
				30CB74FA259237ED00CB84D6 /* WebImageView.swift in Sources */,
				30BC10BA2599156A00066D9B /* AlienProfilePresenter.swift in Sources */,
				3022F65225C1B747004C50B7 /* SignUpConstants.swift in Sources */,
				30AC737525D83BE8006A4746 /* FavoriteOrdersRouter.swift in Sources */,
				30BC10FF259AA0C500066D9B /* MyProfilePresenter.swift in Sources */,
				3060283E259BC94F0046A2B0 /* UILabel + Extension.swift in Sources */,
				3022F63B25C1AAB4004C50B7 /* PhoneCountryButton.swift in Sources */,
				3022F62D25C1A120004C50B7 /* SignInRouter.swift in Sources */,
				3060282B259BBE400046A2B0 /* FullOrderPresenter.swift in Sources */,
				30A4C9F325B8AF8200003DDE /* NotificationInteractor.swift in Sources */,
				308365E42589E65200578AE2 /* FeedPresenter.swift in Sources */,
				308365E52589E65200578AE2 /* FeedWorker.swift in Sources */,
				3072F33925C4951C00CE7C65 /* AuthError.swift in Sources */,
				307304F7258B913D0091D2F1 /* UIViewController + Extension.swift in Sources */,
				302CDE9D258D6439000B4275 /* FeedConstants.swift in Sources */,
				30CB74F42592344900CB84D6 /* OrderTitleView.swift in Sources */,
				303A0694259477FF00C14BFD /* CommentRouter.swift in Sources */,
				308365D32589E59500578AE2 /* MainTabBarPresenter.swift in Sources */,
			);
			runOnlyForDeploymentPostprocessing = 0;
		};
/* End PBXSourcesBuildPhase section */

/* Begin PBXVariantGroup section */
		303AB7982580FB3600F287C2 /* LaunchScreen.storyboard */ = {
			isa = PBXVariantGroup;
			children = (
				303AB7992580FB3600F287C2 /* Base */,
			);
			name = LaunchScreen.storyboard;
			sourceTree = "<group>";
		};
/* End PBXVariantGroup section */

/* Begin XCBuildConfiguration section */
		303AB79C2580FB3600F287C2 /* Debug */ = {
			isa = XCBuildConfiguration;
			buildSettings = {
				ALWAYS_SEARCH_USER_PATHS = NO;
				CLANG_ANALYZER_NONNULL = YES;
				CLANG_ANALYZER_NUMBER_OBJECT_CONVERSION = YES_AGGRESSIVE;
				CLANG_CXX_LANGUAGE_STANDARD = "gnu++14";
				CLANG_CXX_LIBRARY = "libc++";
				CLANG_ENABLE_MODULES = YES;
				CLANG_ENABLE_OBJC_ARC = YES;
				CLANG_ENABLE_OBJC_WEAK = YES;
				CLANG_WARN_BLOCK_CAPTURE_AUTORELEASING = YES;
				CLANG_WARN_BOOL_CONVERSION = YES;
				CLANG_WARN_COMMA = YES;
				CLANG_WARN_CONSTANT_CONVERSION = YES;
				CLANG_WARN_DEPRECATED_OBJC_IMPLEMENTATIONS = YES;
				CLANG_WARN_DIRECT_OBJC_ISA_USAGE = YES_ERROR;
				CLANG_WARN_DOCUMENTATION_COMMENTS = YES;
				CLANG_WARN_EMPTY_BODY = YES;
				CLANG_WARN_ENUM_CONVERSION = YES;
				CLANG_WARN_INFINITE_RECURSION = YES;
				CLANG_WARN_INT_CONVERSION = YES;
				CLANG_WARN_NON_LITERAL_NULL_CONVERSION = YES;
				CLANG_WARN_OBJC_IMPLICIT_RETAIN_SELF = YES;
				CLANG_WARN_OBJC_LITERAL_CONVERSION = YES;
				CLANG_WARN_OBJC_ROOT_CLASS = YES_ERROR;
				CLANG_WARN_QUOTED_INCLUDE_IN_FRAMEWORK_HEADER = YES;
				CLANG_WARN_RANGE_LOOP_ANALYSIS = YES;
				CLANG_WARN_STRICT_PROTOTYPES = YES;
				CLANG_WARN_SUSPICIOUS_MOVE = YES;
				CLANG_WARN_UNGUARDED_AVAILABILITY = YES_AGGRESSIVE;
				CLANG_WARN_UNREACHABLE_CODE = YES;
				CLANG_WARN__DUPLICATE_METHOD_MATCH = YES;
				COPY_PHASE_STRIP = NO;
				DEBUG_INFORMATION_FORMAT = dwarf;
				ENABLE_STRICT_OBJC_MSGSEND = YES;
				ENABLE_TESTABILITY = YES;
				GCC_C_LANGUAGE_STANDARD = gnu11;
				GCC_DYNAMIC_NO_PIC = NO;
				GCC_NO_COMMON_BLOCKS = YES;
				GCC_OPTIMIZATION_LEVEL = 0;
				GCC_PREPROCESSOR_DEFINITIONS = (
					"DEBUG=1",
					"$(inherited)",
				);
				GCC_WARN_64_TO_32_BIT_CONVERSION = YES;
				GCC_WARN_ABOUT_RETURN_TYPE = YES_ERROR;
				GCC_WARN_UNDECLARED_SELECTOR = YES;
				GCC_WARN_UNINITIALIZED_AUTOS = YES_AGGRESSIVE;
				GCC_WARN_UNUSED_FUNCTION = YES;
				GCC_WARN_UNUSED_VARIABLE = YES;
				IPHONEOS_DEPLOYMENT_TARGET = 14.2;
				MTL_ENABLE_DEBUG_INFO = INCLUDE_SOURCE;
				MTL_FAST_MATH = YES;
				ONLY_ACTIVE_ARCH = YES;
				SDKROOT = iphoneos;
				SWIFT_ACTIVE_COMPILATION_CONDITIONS = DEBUG;
				SWIFT_OPTIMIZATION_LEVEL = "-Onone";
			};
			name = Debug;
		};
		303AB79D2580FB3600F287C2 /* Release */ = {
			isa = XCBuildConfiguration;
			buildSettings = {
				ALWAYS_SEARCH_USER_PATHS = NO;
				CLANG_ANALYZER_NONNULL = YES;
				CLANG_ANALYZER_NUMBER_OBJECT_CONVERSION = YES_AGGRESSIVE;
				CLANG_CXX_LANGUAGE_STANDARD = "gnu++14";
				CLANG_CXX_LIBRARY = "libc++";
				CLANG_ENABLE_MODULES = YES;
				CLANG_ENABLE_OBJC_ARC = YES;
				CLANG_ENABLE_OBJC_WEAK = YES;
				CLANG_WARN_BLOCK_CAPTURE_AUTORELEASING = YES;
				CLANG_WARN_BOOL_CONVERSION = YES;
				CLANG_WARN_COMMA = YES;
				CLANG_WARN_CONSTANT_CONVERSION = YES;
				CLANG_WARN_DEPRECATED_OBJC_IMPLEMENTATIONS = YES;
				CLANG_WARN_DIRECT_OBJC_ISA_USAGE = YES_ERROR;
				CLANG_WARN_DOCUMENTATION_COMMENTS = YES;
				CLANG_WARN_EMPTY_BODY = YES;
				CLANG_WARN_ENUM_CONVERSION = YES;
				CLANG_WARN_INFINITE_RECURSION = YES;
				CLANG_WARN_INT_CONVERSION = YES;
				CLANG_WARN_NON_LITERAL_NULL_CONVERSION = YES;
				CLANG_WARN_OBJC_IMPLICIT_RETAIN_SELF = YES;
				CLANG_WARN_OBJC_LITERAL_CONVERSION = YES;
				CLANG_WARN_OBJC_ROOT_CLASS = YES_ERROR;
				CLANG_WARN_QUOTED_INCLUDE_IN_FRAMEWORK_HEADER = YES;
				CLANG_WARN_RANGE_LOOP_ANALYSIS = YES;
				CLANG_WARN_STRICT_PROTOTYPES = YES;
				CLANG_WARN_SUSPICIOUS_MOVE = YES;
				CLANG_WARN_UNGUARDED_AVAILABILITY = YES_AGGRESSIVE;
				CLANG_WARN_UNREACHABLE_CODE = YES;
				CLANG_WARN__DUPLICATE_METHOD_MATCH = YES;
				COPY_PHASE_STRIP = NO;
				DEBUG_INFORMATION_FORMAT = "dwarf-with-dsym";
				ENABLE_NS_ASSERTIONS = NO;
				ENABLE_STRICT_OBJC_MSGSEND = YES;
				GCC_C_LANGUAGE_STANDARD = gnu11;
				GCC_NO_COMMON_BLOCKS = YES;
				GCC_WARN_64_TO_32_BIT_CONVERSION = YES;
				GCC_WARN_ABOUT_RETURN_TYPE = YES_ERROR;
				GCC_WARN_UNDECLARED_SELECTOR = YES;
				GCC_WARN_UNINITIALIZED_AUTOS = YES_AGGRESSIVE;
				GCC_WARN_UNUSED_FUNCTION = YES;
				GCC_WARN_UNUSED_VARIABLE = YES;
				IPHONEOS_DEPLOYMENT_TARGET = 14.2;
				MTL_ENABLE_DEBUG_INFO = NO;
				MTL_FAST_MATH = YES;
				SDKROOT = iphoneos;
				SWIFT_COMPILATION_MODE = wholemodule;
				SWIFT_OPTIMIZATION_LEVEL = "-O";
				VALIDATE_PRODUCT = YES;
			};
			name = Release;
		};
		303AB79F2580FB3600F287C2 /* Debug */ = {
			isa = XCBuildConfiguration;
			baseConfigurationReference = 0FDDB42C3174B459B64DF708 /* Pods-LetsSwap.debug.xcconfig */;
			buildSettings = {
				ASSETCATALOG_COMPILER_APPICON_NAME = AppIcon;
				ASSETCATALOG_COMPILER_GLOBAL_ACCENT_COLOR_NAME = AccentColor;
				CODE_SIGN_STYLE = Automatic;
				DEVELOPMENT_TEAM = GL28D5C2MP;
				INFOPLIST_FILE = LetsSwap/Info.plist;
				LD_RUNPATH_SEARCH_PATHS = (
					"$(inherited)",
					"@executable_path/Frameworks",
				);
				PRODUCT_BUNDLE_IDENTIFIER = Bsw20.LetsSwap;
				PRODUCT_NAME = "$(TARGET_NAME)";
				SWIFT_VERSION = 5.0;
				TARGETED_DEVICE_FAMILY = "1,2";
			};
			name = Debug;
		};
		303AB7A02580FB3600F287C2 /* Release */ = {
			isa = XCBuildConfiguration;
			baseConfigurationReference = F22BB14CA9FFFBF0B5D58E92 /* Pods-LetsSwap.release.xcconfig */;
			buildSettings = {
				ASSETCATALOG_COMPILER_APPICON_NAME = AppIcon;
				ASSETCATALOG_COMPILER_GLOBAL_ACCENT_COLOR_NAME = AccentColor;
				CODE_SIGN_STYLE = Automatic;
				DEVELOPMENT_TEAM = GL28D5C2MP;
				INFOPLIST_FILE = LetsSwap/Info.plist;
				LD_RUNPATH_SEARCH_PATHS = (
					"$(inherited)",
					"@executable_path/Frameworks",
				);
				PRODUCT_BUNDLE_IDENTIFIER = Bsw20.LetsSwap;
				PRODUCT_NAME = "$(TARGET_NAME)";
				SWIFT_VERSION = 5.0;
				TARGETED_DEVICE_FAMILY = "1,2";
			};
			name = Release;
		};
/* End XCBuildConfiguration section */

/* Begin XCConfigurationList section */
		303AB7852580FB3300F287C2 /* Build configuration list for PBXProject "LetsSwap" */ = {
			isa = XCConfigurationList;
			buildConfigurations = (
				303AB79C2580FB3600F287C2 /* Debug */,
				303AB79D2580FB3600F287C2 /* Release */,
			);
			defaultConfigurationIsVisible = 0;
			defaultConfigurationName = Release;
		};
		303AB79E2580FB3600F287C2 /* Build configuration list for PBXNativeTarget "LetsSwap" */ = {
			isa = XCConfigurationList;
			buildConfigurations = (
				303AB79F2580FB3600F287C2 /* Debug */,
				303AB7A02580FB3600F287C2 /* Release */,
			);
			defaultConfigurationIsVisible = 0;
			defaultConfigurationName = Release;
		};
/* End XCConfigurationList section */
	};
	rootObject = 303AB7822580FB3300F287C2 /* Project object */;
}
