// !$*UTF8*$!
{
	archiveVersion = 1;
	classes = {
	};
	objectVersion = 50;
	objects = {

/* Begin PBXBuildFile section */
		302CDE93258D5E08000B4275 /* String + Extension.swift in Sources */ = {isa = PBXBuildFile; fileRef = 302CDE92258D5E08000B4275 /* String + Extension.swift */; };
		302CDE96258D6049000B4275 /* UIFont + Extension.swift in Sources */ = {isa = PBXBuildFile; fileRef = 302CDE95258D6049000B4275 /* UIFont + Extension.swift */; };
		302CDE9D258D6439000B4275 /* FeedConstants.swift in Sources */ = {isa = PBXBuildFile; fileRef = 302CDE9C258D6439000B4275 /* FeedConstants.swift */; };
		303A06602593694300C14BFD /* Circe-Bold.ttf in Resources */ = {isa = PBXBuildFile; fileRef = 303A065F2593694300C14BFD /* Circe-Bold.ttf */; };
		303A067D2593843F00C14BFD /* LittleRoundButton.swift in Sources */ = {isa = PBXBuildFile; fileRef = 303A067C2593843E00C14BFD /* LittleRoundButton.swift */; };
		303A06822593B92200C14BFD /* PhotoCell.swift in Sources */ = {isa = PBXBuildFile; fileRef = 303A06812593B92200C14BFD /* PhotoCell.swift */; };
		303A06862593B93400C14BFD /* PhotosCollectionView.swift in Sources */ = {isa = PBXBuildFile; fileRef = 303A06852593B93400C14BFD /* PhotosCollectionView.swift */; };
		303A0694259477FF00C14BFD /* CommentRouter.swift in Sources */ = {isa = PBXBuildFile; fileRef = 303A068D259477FF00C14BFD /* CommentRouter.swift */; };
		303A0695259477FF00C14BFD /* CommentModels.swift in Sources */ = {isa = PBXBuildFile; fileRef = 303A068E259477FF00C14BFD /* CommentModels.swift */; };
		303A0696259477FF00C14BFD /* CommentViewController.swift in Sources */ = {isa = PBXBuildFile; fileRef = 303A068F259477FF00C14BFD /* CommentViewController.swift */; };
		303A069E25947C8400C14BFD /* CommentConstants.swift in Sources */ = {isa = PBXBuildFile; fileRef = 303A069D25947C8400C14BFD /* CommentConstants.swift */; };
		303AB78E2580FB3300F287C2 /* AppDelegate.swift in Sources */ = {isa = PBXBuildFile; fileRef = 303AB78D2580FB3300F287C2 /* AppDelegate.swift */; };
		303AB7902580FB3300F287C2 /* SceneDelegate.swift in Sources */ = {isa = PBXBuildFile; fileRef = 303AB78F2580FB3300F287C2 /* SceneDelegate.swift */; };
		303AB7972580FB3600F287C2 /* Assets.xcassets in Resources */ = {isa = PBXBuildFile; fileRef = 303AB7962580FB3600F287C2 /* Assets.xcassets */; };
		303AB79A2580FB3600F287C2 /* LaunchScreen.storyboard in Resources */ = {isa = PBXBuildFile; fileRef = 303AB7982580FB3600F287C2 /* LaunchScreen.storyboard */; };
		303AB7A6258163F400F287C2 /* ModelsPlan.swift in Sources */ = {isa = PBXBuildFile; fileRef = 303AB7A5258163F400F287C2 /* ModelsPlan.swift */; };
		303AB7A92581715300F287C2 /* DataFetcherPlan.swift in Sources */ = {isa = PBXBuildFile; fileRef = 303AB7A82581715300F287C2 /* DataFetcherPlan.swift */; };
		3060281F259B8DAA0046A2B0 /* MyProfileConstants.swift in Sources */ = {isa = PBXBuildFile; fileRef = 3060281E259B8DAA0046A2B0 /* MyProfileConstants.swift */; };
		307304DD258B692A0091D2F1 /* FeedCell.swift in Sources */ = {isa = PBXBuildFile; fileRef = 307304DC258B692A0091D2F1 /* FeedCell.swift */; };
		307304E4258B75BC0091D2F1 /* FeedResponse.swift in Sources */ = {isa = PBXBuildFile; fileRef = 307304E3258B75BC0091D2F1 /* FeedResponse.swift */; };
		307304EA258B7D0A0091D2F1 /* FeedDataFetcher.swift in Sources */ = {isa = PBXBuildFile; fileRef = 307304E9258B7D0A0091D2F1 /* FeedDataFetcher.swift */; };
		307304F4258B86CC0091D2F1 /* FeedError.swift in Sources */ = {isa = PBXBuildFile; fileRef = 307304F3258B86CC0091D2F1 /* FeedError.swift */; };
		307304F7258B913D0091D2F1 /* UIViewController + Extension.swift in Sources */ = {isa = PBXBuildFile; fileRef = 307304F6258B913D0091D2F1 /* UIViewController + Extension.swift */; };
		307304FA258BF4C80091D2F1 /* TagCell.swift in Sources */ = {isa = PBXBuildFile; fileRef = 307304F9258BF4C80091D2F1 /* TagCell.swift */; };
		308365D32589E59500578AE2 /* MainTabBarPresenter.swift in Sources */ = {isa = PBXBuildFile; fileRef = 308365CC2589E59500578AE2 /* MainTabBarPresenter.swift */; };
		308365D42589E59500578AE2 /* MainTabBarWorker.swift in Sources */ = {isa = PBXBuildFile; fileRef = 308365CD2589E59500578AE2 /* MainTabBarWorker.swift */; };
		308365D52589E59500578AE2 /* MainTabBarRouter.swift in Sources */ = {isa = PBXBuildFile; fileRef = 308365CE2589E59500578AE2 /* MainTabBarRouter.swift */; };
		308365D62589E59500578AE2 /* MainTabBarModels.swift in Sources */ = {isa = PBXBuildFile; fileRef = 308365CF2589E59500578AE2 /* MainTabBarModels.swift */; };
		308365D72589E59500578AE2 /* MainTabBarController.swift in Sources */ = {isa = PBXBuildFile; fileRef = 308365D02589E59500578AE2 /* MainTabBarController.swift */; };
		308365D82589E59500578AE2 /* MainTabBarInteractor.swift in Sources */ = {isa = PBXBuildFile; fileRef = 308365D12589E59500578AE2 /* MainTabBarInteractor.swift */; };
		308365E42589E65200578AE2 /* FeedPresenter.swift in Sources */ = {isa = PBXBuildFile; fileRef = 308365DD2589E65200578AE2 /* FeedPresenter.swift */; };
		308365E52589E65200578AE2 /* FeedWorker.swift in Sources */ = {isa = PBXBuildFile; fileRef = 308365DE2589E65200578AE2 /* FeedWorker.swift */; };
		308365E62589E65200578AE2 /* FeedRouter.swift in Sources */ = {isa = PBXBuildFile; fileRef = 308365DF2589E65200578AE2 /* FeedRouter.swift */; };
		308365E72589E65200578AE2 /* FeedModels.swift in Sources */ = {isa = PBXBuildFile; fileRef = 308365E02589E65200578AE2 /* FeedModels.swift */; };
		308365E82589E65200578AE2 /* FeedViewController.swift in Sources */ = {isa = PBXBuildFile; fileRef = 308365E12589E65200578AE2 /* FeedViewController.swift */; };
		308365E92589E65200578AE2 /* FeedInteractor.swift in Sources */ = {isa = PBXBuildFile; fileRef = 308365E22589E65200578AE2 /* FeedInteractor.swift */; };
		308365F12589F2A200578AE2 /* TitleView.swift in Sources */ = {isa = PBXBuildFile; fileRef = 308365F02589F2A200578AE2 /* TitleView.swift */; };
		308365FF2589F61700578AE2 /* UIColor + Extension.swift in Sources */ = {isa = PBXBuildFile; fileRef = 308365FE2589F61700578AE2 /* UIColor + Extension.swift */; };
		308366022589F81D00578AE2 /* UIButton + Extension.swift in Sources */ = {isa = PBXBuildFile; fileRef = 308366012589F81D00578AE2 /* UIButton + Extension.swift */; };
		308366072589FDC000578AE2 /* Constraints.swift in Sources */ = {isa = PBXBuildFile; fileRef = 308366062589FDC000578AE2 /* Constraints.swift */; };
		3083660B258A019A00578AE2 /* InsertableTextField.swift in Sources */ = {isa = PBXBuildFile; fileRef = 3083660A258A019A00578AE2 /* InsertableTextField.swift */; };
		30895F7B2594AE820091FA31 /* RequestSentViewController.swift in Sources */ = {isa = PBXBuildFile; fileRef = 30895F7A2594AE820091FA31 /* RequestSentViewController.swift */; };
		308D28CE258E4BA70088D340 /* TagsCollectionView.swift in Sources */ = {isa = PBXBuildFile; fileRef = 308D28CD258E4BA70088D340 /* TagsCollectionView.swift */; };
		308D28D3258E6C530088D340 /* TagsViewController.swift in Sources */ = {isa = PBXBuildFile; fileRef = 308D28D2258E6C530088D340 /* TagsViewController.swift */; };
		30BC10AE2599042000066D9B /* ChooseOrderError.swift in Sources */ = {isa = PBXBuildFile; fileRef = 30BC10AD2599042000066D9B /* ChooseOrderError.swift */; };
		30BC10BA2599156A00066D9B /* AlienProfilePresenter.swift in Sources */ = {isa = PBXBuildFile; fileRef = 30BC10B32599156A00066D9B /* AlienProfilePresenter.swift */; };
		30BC10BB2599156A00066D9B /* AlienProfileWorker.swift in Sources */ = {isa = PBXBuildFile; fileRef = 30BC10B42599156A00066D9B /* AlienProfileWorker.swift */; };
		30BC10BC2599156A00066D9B /* AlienProfileRouter.swift in Sources */ = {isa = PBXBuildFile; fileRef = 30BC10B52599156A00066D9B /* AlienProfileRouter.swift */; };
		30BC10BD2599156A00066D9B /* AlienProfileModels.swift in Sources */ = {isa = PBXBuildFile; fileRef = 30BC10B62599156A00066D9B /* AlienProfileModels.swift */; };
		30BC10BE2599156A00066D9B /* AlienProfileViewController.swift in Sources */ = {isa = PBXBuildFile; fileRef = 30BC10B72599156A00066D9B /* AlienProfileViewController.swift */; };
		30BC10BF2599156A00066D9B /* AlienProfileInteractor.swift in Sources */ = {isa = PBXBuildFile; fileRef = 30BC10B82599156A00066D9B /* AlienProfileInteractor.swift */; };
		30BC10C525991AF500066D9B /* ProfileTopView.swift in Sources */ = {isa = PBXBuildFile; fileRef = 30BC10C425991AF500066D9B /* ProfileTopView.swift */; };
		30BC10C8259920DA00066D9B /* AlienProfileConstants.swift in Sources */ = {isa = PBXBuildFile; fileRef = 30BC10C7259920DA00066D9B /* AlienProfileConstants.swift */; };
		30BC10CC2599342D00066D9B /* UIView + Extension.swift in Sources */ = {isa = PBXBuildFile; fileRef = 30BC10CB2599342C00066D9B /* UIView + Extension.swift */; };
		30BC10CF2599479000066D9B /* NameCityLabel.swift in Sources */ = {isa = PBXBuildFile; fileRef = 30BC10CE2599479000066D9B /* NameCityLabel.swift */; };
		30BC10D4259A021F00066D9B /* GlobalModels.swift in Sources */ = {isa = PBXBuildFile; fileRef = 30BC10D3259A021F00066D9B /* GlobalModels.swift */; };
		30BC10D8259A025900066D9B /* FeedViewModel.swift in Sources */ = {isa = PBXBuildFile; fileRef = 30BC10D7259A025900066D9B /* FeedViewModel.swift */; };
		30BC10DF259A04C200066D9B /* AlienProfileError.swift in Sources */ = {isa = PBXBuildFile; fileRef = 30BC10DE259A04C200066D9B /* AlienProfileError.swift */; };
		30BC10E3259A141400066D9B /* ProfileResponse.swift in Sources */ = {isa = PBXBuildFile; fileRef = 30BC10E2259A141400066D9B /* ProfileResponse.swift */; };
		30BC10FF259AA0C500066D9B /* MyProfilePresenter.swift in Sources */ = {isa = PBXBuildFile; fileRef = 30BC10F8259AA0C500066D9B /* MyProfilePresenter.swift */; };
		30BC1100259AA0C500066D9B /* MyProfileWorker.swift in Sources */ = {isa = PBXBuildFile; fileRef = 30BC10F9259AA0C500066D9B /* MyProfileWorker.swift */; };
		30BC1101259AA0C500066D9B /* MyProfileRouter.swift in Sources */ = {isa = PBXBuildFile; fileRef = 30BC10FA259AA0C500066D9B /* MyProfileRouter.swift */; };
		30BC1102259AA0C500066D9B /* MyProfileModels.swift in Sources */ = {isa = PBXBuildFile; fileRef = 30BC10FB259AA0C500066D9B /* MyProfileModels.swift */; };
		30BC1103259AA0C500066D9B /* MyProfileViewController.swift in Sources */ = {isa = PBXBuildFile; fileRef = 30BC10FC259AA0C500066D9B /* MyProfileViewController.swift */; };
		30BC1104259AA0C500066D9B /* MyProfileInteractor.swift in Sources */ = {isa = PBXBuildFile; fileRef = 30BC10FD259AA0C500066D9B /* MyProfileInteractor.swift */; };
		30CB74DE259121C700CB84D6 /* FeedOrderPresenter.swift in Sources */ = {isa = PBXBuildFile; fileRef = 30CB74D7259121C700CB84D6 /* FeedOrderPresenter.swift */; };
		30CB74DF259121C700CB84D6 /* FeedOrderWorker.swift in Sources */ = {isa = PBXBuildFile; fileRef = 30CB74D8259121C700CB84D6 /* FeedOrderWorker.swift */; };
		30CB74E0259121C700CB84D6 /* FeedOrderRouter.swift in Sources */ = {isa = PBXBuildFile; fileRef = 30CB74D9259121C700CB84D6 /* FeedOrderRouter.swift */; };
		30CB74E1259121C700CB84D6 /* FeedOrderModels.swift in Sources */ = {isa = PBXBuildFile; fileRef = 30CB74DA259121C700CB84D6 /* FeedOrderModels.swift */; };
		30CB74E2259121C700CB84D6 /* FeedOrderViewController.swift in Sources */ = {isa = PBXBuildFile; fileRef = 30CB74DB259121C700CB84D6 /* FeedOrderViewController.swift */; };
		30CB74E3259121C700CB84D6 /* FeedOrderInteractor.swift in Sources */ = {isa = PBXBuildFile; fileRef = 30CB74DC259121C700CB84D6 /* FeedOrderInteractor.swift */; };
		30CB74E8259123DB00CB84D6 /* OrderError.swift in Sources */ = {isa = PBXBuildFile; fileRef = 30CB74E7259123DB00CB84D6 /* OrderError.swift */; };
		30CB74EC2591257B00CB84D6 /* OrderResponse.swift in Sources */ = {isa = PBXBuildFile; fileRef = 30CB74EB2591257B00CB84D6 /* OrderResponse.swift */; };
		30CB74EF25912B3200CB84D6 /* GeneralModels.swift in Sources */ = {isa = PBXBuildFile; fileRef = 30CB74EE25912B3200CB84D6 /* GeneralModels.swift */; };
		30CB74F42592344900CB84D6 /* OrderTitleView.swift in Sources */ = {isa = PBXBuildFile; fileRef = 30CB74F32592344800CB84D6 /* OrderTitleView.swift */; };
		30CB74FA259237ED00CB84D6 /* WebImageView.swift in Sources */ = {isa = PBXBuildFile; fileRef = 30CB74F9259237ED00CB84D6 /* WebImageView.swift */; };
		30CB74FD259238EF00CB84D6 /* FeedOrderConstants.swift in Sources */ = {isa = PBXBuildFile; fileRef = 30CB74FC259238EF00CB84D6 /* FeedOrderConstants.swift */; };
		30CB75022592795200CB84D6 /* Circe-Regular.ttf in Resources */ = {isa = PBXBuildFile; fileRef = 30CB75012592795200CB84D6 /* Circe-Regular.ttf */; };
		30CB750525927A4700CB84D6 /* FontsCheck.swift in Sources */ = {isa = PBXBuildFile; fileRef = 30CB750425927A4700CB84D6 /* FontsCheck.swift */; };
		30ED20C6258F8BF70039818A /* FeedCollectionView.swift in Sources */ = {isa = PBXBuildFile; fileRef = 30ED20C5258F8BF70039818A /* FeedCollectionView.swift */; };
/* End PBXBuildFile section */

/* Begin PBXFileReference section */
		302CDE92258D5E08000B4275 /* String + Extension.swift */ = {isa = PBXFileReference; lastKnownFileType = sourcecode.swift; path = "String + Extension.swift"; sourceTree = "<group>"; };
		302CDE95258D6049000B4275 /* UIFont + Extension.swift */ = {isa = PBXFileReference; lastKnownFileType = sourcecode.swift; path = "UIFont + Extension.swift"; sourceTree = "<group>"; };
		302CDE9C258D6439000B4275 /* FeedConstants.swift */ = {isa = PBXFileReference; lastKnownFileType = sourcecode.swift; path = FeedConstants.swift; sourceTree = "<group>"; };
		303A065F2593694300C14BFD /* Circe-Bold.ttf */ = {isa = PBXFileReference; lastKnownFileType = file; path = "Circe-Bold.ttf"; sourceTree = "<group>"; };
		303A067C2593843E00C14BFD /* LittleRoundButton.swift */ = {isa = PBXFileReference; lastKnownFileType = sourcecode.swift; path = LittleRoundButton.swift; sourceTree = "<group>"; };
		303A06812593B92200C14BFD /* PhotoCell.swift */ = {isa = PBXFileReference; lastKnownFileType = sourcecode.swift; path = PhotoCell.swift; sourceTree = "<group>"; };
		303A06852593B93400C14BFD /* PhotosCollectionView.swift */ = {isa = PBXFileReference; lastKnownFileType = sourcecode.swift; path = PhotosCollectionView.swift; sourceTree = "<group>"; };
		303A068D259477FF00C14BFD /* CommentRouter.swift */ = {isa = PBXFileReference; lastKnownFileType = sourcecode.swift; path = CommentRouter.swift; sourceTree = "<group>"; };
		303A068E259477FF00C14BFD /* CommentModels.swift */ = {isa = PBXFileReference; lastKnownFileType = sourcecode.swift; path = CommentModels.swift; sourceTree = "<group>"; };
		303A068F259477FF00C14BFD /* CommentViewController.swift */ = {isa = PBXFileReference; lastKnownFileType = sourcecode.swift; path = CommentViewController.swift; sourceTree = "<group>"; };
		303A069D25947C8400C14BFD /* CommentConstants.swift */ = {isa = PBXFileReference; lastKnownFileType = sourcecode.swift; path = CommentConstants.swift; sourceTree = "<group>"; };
		303AB78A2580FB3300F287C2 /* LetsSwap.app */ = {isa = PBXFileReference; explicitFileType = wrapper.application; includeInIndex = 0; path = LetsSwap.app; sourceTree = BUILT_PRODUCTS_DIR; };
		303AB78D2580FB3300F287C2 /* AppDelegate.swift */ = {isa = PBXFileReference; lastKnownFileType = sourcecode.swift; path = AppDelegate.swift; sourceTree = "<group>"; };
		303AB78F2580FB3300F287C2 /* SceneDelegate.swift */ = {isa = PBXFileReference; lastKnownFileType = sourcecode.swift; path = SceneDelegate.swift; sourceTree = "<group>"; };
		303AB7962580FB3600F287C2 /* Assets.xcassets */ = {isa = PBXFileReference; lastKnownFileType = folder.assetcatalog; path = Assets.xcassets; sourceTree = "<group>"; };
		303AB7992580FB3600F287C2 /* Base */ = {isa = PBXFileReference; lastKnownFileType = file.storyboard; name = Base; path = Base.lproj/LaunchScreen.storyboard; sourceTree = "<group>"; };
		303AB79B2580FB3600F287C2 /* Info.plist */ = {isa = PBXFileReference; lastKnownFileType = text.plist.xml; path = Info.plist; sourceTree = "<group>"; };
		303AB7A5258163F400F287C2 /* ModelsPlan.swift */ = {isa = PBXFileReference; lastKnownFileType = sourcecode.swift; path = ModelsPlan.swift; sourceTree = "<group>"; };
		303AB7A82581715300F287C2 /* DataFetcherPlan.swift */ = {isa = PBXFileReference; lastKnownFileType = sourcecode.swift; path = DataFetcherPlan.swift; sourceTree = "<group>"; };
		3060281E259B8DAA0046A2B0 /* MyProfileConstants.swift */ = {isa = PBXFileReference; lastKnownFileType = sourcecode.swift; path = MyProfileConstants.swift; sourceTree = "<group>"; };
		307304DC258B692A0091D2F1 /* FeedCell.swift */ = {isa = PBXFileReference; lastKnownFileType = sourcecode.swift; path = FeedCell.swift; sourceTree = "<group>"; };
		307304E3258B75BC0091D2F1 /* FeedResponse.swift */ = {isa = PBXFileReference; lastKnownFileType = sourcecode.swift; path = FeedResponse.swift; sourceTree = "<group>"; };
		307304E9258B7D0A0091D2F1 /* FeedDataFetcher.swift */ = {isa = PBXFileReference; lastKnownFileType = sourcecode.swift; path = FeedDataFetcher.swift; sourceTree = "<group>"; };
		307304F3258B86CC0091D2F1 /* FeedError.swift */ = {isa = PBXFileReference; lastKnownFileType = sourcecode.swift; path = FeedError.swift; sourceTree = "<group>"; };
		307304F6258B913D0091D2F1 /* UIViewController + Extension.swift */ = {isa = PBXFileReference; lastKnownFileType = sourcecode.swift; path = "UIViewController + Extension.swift"; sourceTree = "<group>"; };
		307304F9258BF4C80091D2F1 /* TagCell.swift */ = {isa = PBXFileReference; lastKnownFileType = sourcecode.swift; path = TagCell.swift; sourceTree = "<group>"; };
		308365CC2589E59500578AE2 /* MainTabBarPresenter.swift */ = {isa = PBXFileReference; lastKnownFileType = sourcecode.swift; path = MainTabBarPresenter.swift; sourceTree = "<group>"; };
		308365CD2589E59500578AE2 /* MainTabBarWorker.swift */ = {isa = PBXFileReference; lastKnownFileType = sourcecode.swift; path = MainTabBarWorker.swift; sourceTree = "<group>"; };
		308365CE2589E59500578AE2 /* MainTabBarRouter.swift */ = {isa = PBXFileReference; lastKnownFileType = sourcecode.swift; path = MainTabBarRouter.swift; sourceTree = "<group>"; };
		308365CF2589E59500578AE2 /* MainTabBarModels.swift */ = {isa = PBXFileReference; lastKnownFileType = sourcecode.swift; path = MainTabBarModels.swift; sourceTree = "<group>"; };
		308365D02589E59500578AE2 /* MainTabBarController.swift */ = {isa = PBXFileReference; lastKnownFileType = sourcecode.swift; path = MainTabBarController.swift; sourceTree = "<group>"; };
		308365D12589E59500578AE2 /* MainTabBarInteractor.swift */ = {isa = PBXFileReference; lastKnownFileType = sourcecode.swift; path = MainTabBarInteractor.swift; sourceTree = "<group>"; };
		308365DD2589E65200578AE2 /* FeedPresenter.swift */ = {isa = PBXFileReference; lastKnownFileType = sourcecode.swift; path = FeedPresenter.swift; sourceTree = "<group>"; };
		308365DE2589E65200578AE2 /* FeedWorker.swift */ = {isa = PBXFileReference; lastKnownFileType = sourcecode.swift; path = FeedWorker.swift; sourceTree = "<group>"; };
		308365DF2589E65200578AE2 /* FeedRouter.swift */ = {isa = PBXFileReference; lastKnownFileType = sourcecode.swift; path = FeedRouter.swift; sourceTree = "<group>"; };
		308365E02589E65200578AE2 /* FeedModels.swift */ = {isa = PBXFileReference; lastKnownFileType = sourcecode.swift; path = FeedModels.swift; sourceTree = "<group>"; };
		308365E12589E65200578AE2 /* FeedViewController.swift */ = {isa = PBXFileReference; lastKnownFileType = sourcecode.swift; path = FeedViewController.swift; sourceTree = "<group>"; };
		308365E22589E65200578AE2 /* FeedInteractor.swift */ = {isa = PBXFileReference; lastKnownFileType = sourcecode.swift; path = FeedInteractor.swift; sourceTree = "<group>"; };
		308365F02589F2A200578AE2 /* TitleView.swift */ = {isa = PBXFileReference; lastKnownFileType = sourcecode.swift; path = TitleView.swift; sourceTree = "<group>"; };
		308365FE2589F61700578AE2 /* UIColor + Extension.swift */ = {isa = PBXFileReference; lastKnownFileType = sourcecode.swift; path = "UIColor + Extension.swift"; sourceTree = "<group>"; };
		308366012589F81D00578AE2 /* UIButton + Extension.swift */ = {isa = PBXFileReference; lastKnownFileType = sourcecode.swift; path = "UIButton + Extension.swift"; sourceTree = "<group>"; };
		308366062589FDC000578AE2 /* Constraints.swift */ = {isa = PBXFileReference; lastKnownFileType = sourcecode.swift; path = Constraints.swift; sourceTree = "<group>"; };
		3083660A258A019A00578AE2 /* InsertableTextField.swift */ = {isa = PBXFileReference; lastKnownFileType = sourcecode.swift; path = InsertableTextField.swift; sourceTree = "<group>"; };
		30895F7A2594AE820091FA31 /* RequestSentViewController.swift */ = {isa = PBXFileReference; lastKnownFileType = sourcecode.swift; path = RequestSentViewController.swift; sourceTree = "<group>"; };
		308D28CD258E4BA70088D340 /* TagsCollectionView.swift */ = {isa = PBXFileReference; lastKnownFileType = sourcecode.swift; path = TagsCollectionView.swift; sourceTree = "<group>"; };
		308D28D2258E6C530088D340 /* TagsViewController.swift */ = {isa = PBXFileReference; lastKnownFileType = sourcecode.swift; path = TagsViewController.swift; sourceTree = "<group>"; };
		30BC10AD2599042000066D9B /* ChooseOrderError.swift */ = {isa = PBXFileReference; lastKnownFileType = sourcecode.swift; path = ChooseOrderError.swift; sourceTree = "<group>"; };
		30BC10B32599156A00066D9B /* AlienProfilePresenter.swift */ = {isa = PBXFileReference; lastKnownFileType = sourcecode.swift; path = AlienProfilePresenter.swift; sourceTree = "<group>"; };
		30BC10B42599156A00066D9B /* AlienProfileWorker.swift */ = {isa = PBXFileReference; lastKnownFileType = sourcecode.swift; path = AlienProfileWorker.swift; sourceTree = "<group>"; };
		30BC10B52599156A00066D9B /* AlienProfileRouter.swift */ = {isa = PBXFileReference; lastKnownFileType = sourcecode.swift; path = AlienProfileRouter.swift; sourceTree = "<group>"; };
		30BC10B62599156A00066D9B /* AlienProfileModels.swift */ = {isa = PBXFileReference; lastKnownFileType = sourcecode.swift; path = AlienProfileModels.swift; sourceTree = "<group>"; };
		30BC10B72599156A00066D9B /* AlienProfileViewController.swift */ = {isa = PBXFileReference; lastKnownFileType = sourcecode.swift; path = AlienProfileViewController.swift; sourceTree = "<group>"; };
		30BC10B82599156A00066D9B /* AlienProfileInteractor.swift */ = {isa = PBXFileReference; lastKnownFileType = sourcecode.swift; path = AlienProfileInteractor.swift; sourceTree = "<group>"; };
		30BC10C425991AF500066D9B /* ProfileTopView.swift */ = {isa = PBXFileReference; lastKnownFileType = sourcecode.swift; path = ProfileTopView.swift; sourceTree = "<group>"; };
		30BC10C7259920DA00066D9B /* AlienProfileConstants.swift */ = {isa = PBXFileReference; lastKnownFileType = sourcecode.swift; path = AlienProfileConstants.swift; sourceTree = "<group>"; };
		30BC10CB2599342C00066D9B /* UIView + Extension.swift */ = {isa = PBXFileReference; lastKnownFileType = sourcecode.swift; path = "UIView + Extension.swift"; sourceTree = "<group>"; };
		30BC10CE2599479000066D9B /* NameCityLabel.swift */ = {isa = PBXFileReference; lastKnownFileType = sourcecode.swift; path = NameCityLabel.swift; sourceTree = "<group>"; };
		30BC10D3259A021F00066D9B /* GlobalModels.swift */ = {isa = PBXFileReference; lastKnownFileType = sourcecode.swift; path = GlobalModels.swift; sourceTree = "<group>"; };
		30BC10D7259A025900066D9B /* FeedViewModel.swift */ = {isa = PBXFileReference; lastKnownFileType = sourcecode.swift; path = FeedViewModel.swift; sourceTree = "<group>"; };
		30BC10DE259A04C200066D9B /* AlienProfileError.swift */ = {isa = PBXFileReference; lastKnownFileType = sourcecode.swift; path = AlienProfileError.swift; sourceTree = "<group>"; };
		30BC10E2259A141400066D9B /* ProfileResponse.swift */ = {isa = PBXFileReference; lastKnownFileType = sourcecode.swift; path = ProfileResponse.swift; sourceTree = "<group>"; };
		30BC10F8259AA0C500066D9B /* MyProfilePresenter.swift */ = {isa = PBXFileReference; lastKnownFileType = sourcecode.swift; path = MyProfilePresenter.swift; sourceTree = "<group>"; };
		30BC10F9259AA0C500066D9B /* MyProfileWorker.swift */ = {isa = PBXFileReference; lastKnownFileType = sourcecode.swift; path = MyProfileWorker.swift; sourceTree = "<group>"; };
		30BC10FA259AA0C500066D9B /* MyProfileRouter.swift */ = {isa = PBXFileReference; lastKnownFileType = sourcecode.swift; path = MyProfileRouter.swift; sourceTree = "<group>"; };
		30BC10FB259AA0C500066D9B /* MyProfileModels.swift */ = {isa = PBXFileReference; lastKnownFileType = sourcecode.swift; path = MyProfileModels.swift; sourceTree = "<group>"; };
		30BC10FC259AA0C500066D9B /* MyProfileViewController.swift */ = {isa = PBXFileReference; lastKnownFileType = sourcecode.swift; path = MyProfileViewController.swift; sourceTree = "<group>"; };
		30BC10FD259AA0C500066D9B /* MyProfileInteractor.swift */ = {isa = PBXFileReference; lastKnownFileType = sourcecode.swift; path = MyProfileInteractor.swift; sourceTree = "<group>"; };
		30CB74D7259121C700CB84D6 /* FeedOrderPresenter.swift */ = {isa = PBXFileReference; lastKnownFileType = sourcecode.swift; path = FeedOrderPresenter.swift; sourceTree = "<group>"; };
		30CB74D8259121C700CB84D6 /* FeedOrderWorker.swift */ = {isa = PBXFileReference; lastKnownFileType = sourcecode.swift; path = FeedOrderWorker.swift; sourceTree = "<group>"; };
		30CB74D9259121C700CB84D6 /* FeedOrderRouter.swift */ = {isa = PBXFileReference; lastKnownFileType = sourcecode.swift; path = FeedOrderRouter.swift; sourceTree = "<group>"; };
		30CB74DA259121C700CB84D6 /* FeedOrderModels.swift */ = {isa = PBXFileReference; lastKnownFileType = sourcecode.swift; path = FeedOrderModels.swift; sourceTree = "<group>"; };
		30CB74DB259121C700CB84D6 /* FeedOrderViewController.swift */ = {isa = PBXFileReference; lastKnownFileType = sourcecode.swift; path = FeedOrderViewController.swift; sourceTree = "<group>"; };
		30CB74DC259121C700CB84D6 /* FeedOrderInteractor.swift */ = {isa = PBXFileReference; lastKnownFileType = sourcecode.swift; path = FeedOrderInteractor.swift; sourceTree = "<group>"; };
		30CB74E7259123DB00CB84D6 /* OrderError.swift */ = {isa = PBXFileReference; lastKnownFileType = sourcecode.swift; path = OrderError.swift; sourceTree = "<group>"; };
		30CB74EB2591257B00CB84D6 /* OrderResponse.swift */ = {isa = PBXFileReference; lastKnownFileType = sourcecode.swift; path = OrderResponse.swift; sourceTree = "<group>"; };
		30CB74EE25912B3200CB84D6 /* GeneralModels.swift */ = {isa = PBXFileReference; lastKnownFileType = sourcecode.swift; path = GeneralModels.swift; sourceTree = "<group>"; };
		30CB74F32592344800CB84D6 /* OrderTitleView.swift */ = {isa = PBXFileReference; lastKnownFileType = sourcecode.swift; path = OrderTitleView.swift; sourceTree = "<group>"; };
		30CB74F9259237ED00CB84D6 /* WebImageView.swift */ = {isa = PBXFileReference; lastKnownFileType = sourcecode.swift; path = WebImageView.swift; sourceTree = "<group>"; };
		30CB74FC259238EF00CB84D6 /* FeedOrderConstants.swift */ = {isa = PBXFileReference; lastKnownFileType = sourcecode.swift; path = FeedOrderConstants.swift; sourceTree = "<group>"; };
		30CB75012592795200CB84D6 /* Circe-Regular.ttf */ = {isa = PBXFileReference; lastKnownFileType = file; path = "Circe-Regular.ttf"; sourceTree = "<group>"; };
		30CB750425927A4700CB84D6 /* FontsCheck.swift */ = {isa = PBXFileReference; lastKnownFileType = sourcecode.swift; path = FontsCheck.swift; sourceTree = "<group>"; };
		30ED20C5258F8BF70039818A /* FeedCollectionView.swift */ = {isa = PBXFileReference; lastKnownFileType = sourcecode.swift; path = FeedCollectionView.swift; sourceTree = "<group>"; };
/* End PBXFileReference section */

/* Begin PBXFrameworksBuildPhase section */
		303AB7872580FB3300F287C2 /* Frameworks */ = {
			isa = PBXFrameworksBuildPhase;
			buildActionMask = 2147483647;
			files = (
			);
			runOnlyForDeploymentPostprocessing = 0;
		};
/* End PBXFrameworksBuildPhase section */

/* Begin PBXGroup section */
		303A06802593B8F200C14BFD /* PhotosCollectionView */ = {
			isa = PBXGroup;
			children = (
				303A06812593B92200C14BFD /* PhotoCell.swift */,
				303A06852593B93400C14BFD /* PhotosCollectionView.swift */,
			);
			path = PhotosCollectionView;
			sourceTree = "<group>";
		};
		303A068A259477E100C14BFD /* CommentViewController */ = {
			isa = PBXGroup;
			children = (
				303A069D25947C8400C14BFD /* CommentConstants.swift */,
				303A068F259477FF00C14BFD /* CommentViewController.swift */,
				303A068D259477FF00C14BFD /* CommentRouter.swift */,
				303A068E259477FF00C14BFD /* CommentModels.swift */,
			);
			path = CommentViewController;
			sourceTree = "<group>";
		};
		303AB7812580FB3300F287C2 = {
			isa = PBXGroup;
			children = (
				303AB78C2580FB3300F287C2 /* LetsSwap */,
				303AB78B2580FB3300F287C2 /* Products */,
			);
			sourceTree = "<group>";
		};
		303AB78B2580FB3300F287C2 /* Products */ = {
			isa = PBXGroup;
			children = (
				303AB78A2580FB3300F287C2 /* LetsSwap.app */,
			);
			name = Products;
			sourceTree = "<group>";
		};
		303AB78C2580FB3300F287C2 /* LetsSwap */ = {
			isa = PBXGroup;
			children = (
				303AB78D2580FB3300F287C2 /* AppDelegate.swift */,
				303AB78F2580FB3300F287C2 /* SceneDelegate.swift */,
				307304E0258B74B20091D2F1 /* Services */,
				308365C92589E41800578AE2 /* SignIn&Auth */,
				308365CA2589E4DA00578AE2 /* Main */,
				30BC10D2259A01F500066D9B /* Global Models */,
				308365F92589F48B00578AE2 /* Views */,
				308365F82589F46A00578AE2 /* Extensions */,
				30CB75002592789900CB84D6 /* Fonts */,
				308366052589FDB200578AE2 /* Helpers */,
				303AB7A3258163C900F287C2 /* Plan */,
				303AB7962580FB3600F287C2 /* Assets.xcassets */,
				303AB7982580FB3600F287C2 /* LaunchScreen.storyboard */,
				303AB79B2580FB3600F287C2 /* Info.plist */,
			);
			path = LetsSwap;
			sourceTree = "<group>";
		};
		303AB7A3258163C900F287C2 /* Plan */ = {
			isa = PBXGroup;
			children = (
				303AB7A5258163F400F287C2 /* ModelsPlan.swift */,
				303AB7A82581715300F287C2 /* DataFetcherPlan.swift */,
			);
			path = Plan;
			sourceTree = "<group>";
		};
		307304E0258B74B20091D2F1 /* Services */ = {
			isa = PBXGroup;
			children = (
				307304E1258B756D0091D2F1 /* Models */,
				307304E9258B7D0A0091D2F1 /* FeedDataFetcher.swift */,
			);
			path = Services;
			sourceTree = "<group>";
		};
		307304E1258B756D0091D2F1 /* Models */ = {
			isa = PBXGroup;
			children = (
				30CB74EE25912B3200CB84D6 /* GeneralModels.swift */,
				307304E3258B75BC0091D2F1 /* FeedResponse.swift */,
				30CB74EB2591257B00CB84D6 /* OrderResponse.swift */,
				30BC10E2259A141400066D9B /* ProfileResponse.swift */,
			);
			path = Models;
			sourceTree = "<group>";
		};
		307304F1258B86B10091D2F1 /* Errors */ = {
			isa = PBXGroup;
			children = (
				30BC10DE259A04C200066D9B /* AlienProfileError.swift */,
				307304F3258B86CC0091D2F1 /* FeedError.swift */,
				30CB74E7259123DB00CB84D6 /* OrderError.swift */,
				30BC10AD2599042000066D9B /* ChooseOrderError.swift */,
			);
			path = Errors;
			sourceTree = "<group>";
		};
		308365C92589E41800578AE2 /* SignIn&Auth */ = {
			isa = PBXGroup;
			children = (
			);
			path = "SignIn&Auth";
			sourceTree = "<group>";
		};
		308365CA2589E4DA00578AE2 /* Main */ = {
			isa = PBXGroup;
			children = (
				30BC10F7259AA0A900066D9B /* MyProfileController */,
				30BC10B22599150F00066D9B /* AlienProfileController */,
				308365DC2589E60D00578AE2 /* FeedViewController */,
				30CB74D02591218000CB84D6 /* FeedOrderViewController */,
				308365CB2589E53000578AE2 /* MainTabBarController */,
				30BC10B025990FEA00066D9B /* EndOfChosingOrder */,
			);
			path = Main;
			sourceTree = "<group>";
		};
		308365CB2589E53000578AE2 /* MainTabBarController */ = {
			isa = PBXGroup;
			children = (
				308365D02589E59500578AE2 /* MainTabBarController.swift */,
				308365CC2589E59500578AE2 /* MainTabBarPresenter.swift */,
				308365CD2589E59500578AE2 /* MainTabBarWorker.swift */,
				308365CE2589E59500578AE2 /* MainTabBarRouter.swift */,
				308365CF2589E59500578AE2 /* MainTabBarModels.swift */,
				308365D12589E59500578AE2 /* MainTabBarInteractor.swift */,
			);
			path = MainTabBarController;
			sourceTree = "<group>";
		};
		308365DC2589E60D00578AE2 /* FeedViewController */ = {
			isa = PBXGroup;
			children = (
				302CDE9C258D6439000B4275 /* FeedConstants.swift */,
				308D28D1258E6C2B0088D340 /* Associated ViewControllers */,
				308D28CC258E4B810088D340 /* TagsCollectionView */,
				308365EF2589F27A00578AE2 /* TitleView */,
				308365E12589E65200578AE2 /* FeedViewController.swift */,
				308365E22589E65200578AE2 /* FeedInteractor.swift */,
				308365DE2589E65200578AE2 /* FeedWorker.swift */,
				308365DD2589E65200578AE2 /* FeedPresenter.swift */,
				308365DF2589E65200578AE2 /* FeedRouter.swift */,
				308365E02589E65200578AE2 /* FeedModels.swift */,
			);
			path = FeedViewController;
			sourceTree = "<group>";
		};
		308365EF2589F27A00578AE2 /* TitleView */ = {
			isa = PBXGroup;
			children = (
				308365F02589F2A200578AE2 /* TitleView.swift */,
				3083660A258A019A00578AE2 /* InsertableTextField.swift */,
			);
			path = TitleView;
			sourceTree = "<group>";
		};
		308365F82589F46A00578AE2 /* Extensions */ = {
			isa = PBXGroup;
			children = (
				308365FE2589F61700578AE2 /* UIColor + Extension.swift */,
				308366012589F81D00578AE2 /* UIButton + Extension.swift */,
				307304F6258B913D0091D2F1 /* UIViewController + Extension.swift */,
				302CDE92258D5E08000B4275 /* String + Extension.swift */,
				302CDE95258D6049000B4275 /* UIFont + Extension.swift */,
				30BC10CB2599342C00066D9B /* UIView + Extension.swift */,
			);
			path = Extensions;
			sourceTree = "<group>";
		};
		308365F92589F48B00578AE2 /* Views */ = {
			isa = PBXGroup;
			children = (
				30ED20C4258F8BDE0039818A /* FeedCollectionView */,
				30CB74F9259237ED00CB84D6 /* WebImageView.swift */,
				303A067C2593843E00C14BFD /* LittleRoundButton.swift */,
				30BC10C425991AF500066D9B /* ProfileTopView.swift */,
				30BC10CE2599479000066D9B /* NameCityLabel.swift */,
			);
			path = Views;
			sourceTree = "<group>";
		};
		308366052589FDB200578AE2 /* Helpers */ = {
			isa = PBXGroup;
			children = (
				307304F1258B86B10091D2F1 /* Errors */,
				308366062589FDC000578AE2 /* Constraints.swift */,
				30CB750425927A4700CB84D6 /* FontsCheck.swift */,
			);
			path = Helpers;
			sourceTree = "<group>";
		};
		308D28CC258E4B810088D340 /* TagsCollectionView */ = {
			isa = PBXGroup;
			children = (
				307304F9258BF4C80091D2F1 /* TagCell.swift */,
				308D28CD258E4BA70088D340 /* TagsCollectionView.swift */,
			);
			path = TagsCollectionView;
			sourceTree = "<group>";
		};
		308D28D1258E6C2B0088D340 /* Associated ViewControllers */ = {
			isa = PBXGroup;
			children = (
				308D28D2258E6C530088D340 /* TagsViewController.swift */,
			);
			path = "Associated ViewControllers";
			sourceTree = "<group>";
		};
		30BC10B025990FEA00066D9B /* EndOfChosingOrder */ = {
			isa = PBXGroup;
			children = (
				30895F7A2594AE820091FA31 /* RequestSentViewController.swift */,
				303A068A259477E100C14BFD /* CommentViewController */,
			);
			path = EndOfChosingOrder;
			sourceTree = "<group>";
		};
		30BC10B22599150F00066D9B /* AlienProfileController */ = {
			isa = PBXGroup;
			children = (
				30BC10C7259920DA00066D9B /* AlienProfileConstants.swift */,
				30BC10B72599156A00066D9B /* AlienProfileViewController.swift */,
				30BC10B82599156A00066D9B /* AlienProfileInteractor.swift */,
				30BC10B42599156A00066D9B /* AlienProfileWorker.swift */,
				30BC10B32599156A00066D9B /* AlienProfilePresenter.swift */,
				30BC10B52599156A00066D9B /* AlienProfileRouter.swift */,
				30BC10B62599156A00066D9B /* AlienProfileModels.swift */,
			);
			path = AlienProfileController;
			sourceTree = "<group>";
		};
		30BC10D2259A01F500066D9B /* Global Models */ = {
			isa = PBXGroup;
			children = (
				30BC10D3259A021F00066D9B /* GlobalModels.swift */,
			);
			path = "Global Models";
			sourceTree = "<group>";
		};
		30BC10F7259AA0A900066D9B /* MyProfileController */ = {
			isa = PBXGroup;
			children = (
				3060281E259B8DAA0046A2B0 /* MyProfileConstants.swift */,
				30BC10FC259AA0C500066D9B /* MyProfileViewController.swift */,
				30BC10FD259AA0C500066D9B /* MyProfileInteractor.swift */,
				30BC10F9259AA0C500066D9B /* MyProfileWorker.swift */,
				30BC10F8259AA0C500066D9B /* MyProfilePresenter.swift */,
				30BC10FA259AA0C500066D9B /* MyProfileRouter.swift */,
				30BC10FB259AA0C500066D9B /* MyProfileModels.swift */,
			);
			path = MyProfileController;
			sourceTree = "<group>";
		};
		30CB74D02591218000CB84D6 /* FeedOrderViewController */ = {
			isa = PBXGroup;
			children = (
				30CB74FC259238EF00CB84D6 /* FeedOrderConstants.swift */,
				30CB74F72592354000CB84D6 /* Views */,
				303A06802593B8F200C14BFD /* PhotosCollectionView */,
				30CB74DB259121C700CB84D6 /* FeedOrderViewController.swift */,
				30CB74DC259121C700CB84D6 /* FeedOrderInteractor.swift */,
				30CB74D7259121C700CB84D6 /* FeedOrderPresenter.swift */,
				30CB74D8259121C700CB84D6 /* FeedOrderWorker.swift */,
				30CB74D9259121C700CB84D6 /* FeedOrderRouter.swift */,
				30CB74DA259121C700CB84D6 /* FeedOrderModels.swift */,
			);
			path = FeedOrderViewController;
			sourceTree = "<group>";
		};
		30CB74F72592354000CB84D6 /* Views */ = {
			isa = PBXGroup;
			children = (
				30CB74F32592344800CB84D6 /* OrderTitleView.swift */,
			);
			path = Views;
			sourceTree = "<group>";
		};
		30CB75002592789900CB84D6 /* Fonts */ = {
			isa = PBXGroup;
			children = (
				303A065F2593694300C14BFD /* Circe-Bold.ttf */,
				30CB75012592795200CB84D6 /* Circe-Regular.ttf */,
			);
			path = Fonts;
			sourceTree = "<group>";
		};
		30ED20C4258F8BDE0039818A /* FeedCollectionView */ = {
			isa = PBXGroup;
			children = (
				307304DC258B692A0091D2F1 /* FeedCell.swift */,
				30ED20C5258F8BF70039818A /* FeedCollectionView.swift */,
				30BC10D7259A025900066D9B /* FeedViewModel.swift */,
			);
			path = FeedCollectionView;
			sourceTree = "<group>";
		};
/* End PBXGroup section */

/* Begin PBXNativeTarget section */
		303AB7892580FB3300F287C2 /* LetsSwap */ = {
			isa = PBXNativeTarget;
			buildConfigurationList = 303AB79E2580FB3600F287C2 /* Build configuration list for PBXNativeTarget "LetsSwap" */;
			buildPhases = (
				303AB7862580FB3300F287C2 /* Sources */,
				303AB7872580FB3300F287C2 /* Frameworks */,
				303AB7882580FB3300F287C2 /* Resources */,
			);
			buildRules = (
			);
			dependencies = (
			);
			name = LetsSwap;
			productName = LetsSwap;
			productReference = 303AB78A2580FB3300F287C2 /* LetsSwap.app */;
			productType = "com.apple.product-type.application";
		};
/* End PBXNativeTarget section */

/* Begin PBXProject section */
		303AB7822580FB3300F287C2 /* Project object */ = {
			isa = PBXProject;
			attributes = {
				LastSwiftUpdateCheck = 1220;
				LastUpgradeCheck = 1220;
				TargetAttributes = {
					303AB7892580FB3300F287C2 = {
						CreatedOnToolsVersion = 12.2;
					};
				};
			};
			buildConfigurationList = 303AB7852580FB3300F287C2 /* Build configuration list for PBXProject "LetsSwap" */;
			compatibilityVersion = "Xcode 9.3";
			developmentRegion = en;
			hasScannedForEncodings = 0;
			knownRegions = (
				en,
				Base,
			);
			mainGroup = 303AB7812580FB3300F287C2;
			productRefGroup = 303AB78B2580FB3300F287C2 /* Products */;
			projectDirPath = "";
			projectRoot = "";
			targets = (
				303AB7892580FB3300F287C2 /* LetsSwap */,
			);
		};
/* End PBXProject section */

/* Begin PBXResourcesBuildPhase section */
		303AB7882580FB3300F287C2 /* Resources */ = {
			isa = PBXResourcesBuildPhase;
			buildActionMask = 2147483647;
			files = (
				303AB79A2580FB3600F287C2 /* LaunchScreen.storyboard in Resources */,
				30CB75022592795200CB84D6 /* Circe-Regular.ttf in Resources */,
				303A06602593694300C14BFD /* Circe-Bold.ttf in Resources */,
				303AB7972580FB3600F287C2 /* Assets.xcassets in Resources */,
			);
			runOnlyForDeploymentPostprocessing = 0;
		};
/* End PBXResourcesBuildPhase section */

/* Begin PBXSourcesBuildPhase section */
		303AB7862580FB3300F287C2 /* Sources */ = {
			isa = PBXSourcesBuildPhase;
			buildActionMask = 2147483647;
			files = (
				302CDE96258D6049000B4275 /* UIFont + Extension.swift in Sources */,
				308D28D3258E6C530088D340 /* TagsViewController.swift in Sources */,
				30CB74E1259121C700CB84D6 /* FeedOrderModels.swift in Sources */,
				308365FF2589F61700578AE2 /* UIColor + Extension.swift in Sources */,
				303A06822593B92200C14BFD /* PhotoCell.swift in Sources */,
				30CB74EC2591257B00CB84D6 /* OrderResponse.swift in Sources */,
				30BC10C525991AF500066D9B /* ProfileTopView.swift in Sources */,
				30CB750525927A4700CB84D6 /* FontsCheck.swift in Sources */,
				30BC1101259AA0C500066D9B /* MyProfileRouter.swift in Sources */,
				308366022589F81D00578AE2 /* UIButton + Extension.swift in Sources */,
				30BC10BF2599156A00066D9B /* AlienProfileInteractor.swift in Sources */,
				303A0696259477FF00C14BFD /* CommentViewController.swift in Sources */,
				307304F4258B86CC0091D2F1 /* FeedError.swift in Sources */,
				302CDE93258D5E08000B4275 /* String + Extension.swift in Sources */,
				30CB74DF259121C700CB84D6 /* FeedOrderWorker.swift in Sources */,
				30BC10D4259A021F00066D9B /* GlobalModels.swift in Sources */,
				30BC10CF2599479000066D9B /* NameCityLabel.swift in Sources */,
				308365D62589E59500578AE2 /* MainTabBarModels.swift in Sources */,
				30CB74E8259123DB00CB84D6 /* OrderError.swift in Sources */,
				30BC10D8259A025900066D9B /* FeedViewModel.swift in Sources */,
				303AB7A92581715300F287C2 /* DataFetcherPlan.swift in Sources */,
				303A067D2593843F00C14BFD /* LittleRoundButton.swift in Sources */,
				307304FA258BF4C80091D2F1 /* TagCell.swift in Sources */,
				308366072589FDC000578AE2 /* Constraints.swift in Sources */,
				30BC10CC2599342D00066D9B /* UIView + Extension.swift in Sources */,
				308365D42589E59500578AE2 /* MainTabBarWorker.swift in Sources */,
				308365E92589E65200578AE2 /* FeedInteractor.swift in Sources */,
				30BC10BE2599156A00066D9B /* AlienProfileViewController.swift in Sources */,
				30895F7B2594AE820091FA31 /* RequestSentViewController.swift in Sources */,
				303A0695259477FF00C14BFD /* CommentModels.swift in Sources */,
				30BC10E3259A141400066D9B /* ProfileResponse.swift in Sources */,
				308365F12589F2A200578AE2 /* TitleView.swift in Sources */,
				308365D52589E59500578AE2 /* MainTabBarRouter.swift in Sources */,
				30BC10AE2599042000066D9B /* ChooseOrderError.swift in Sources */,
				308365D72589E59500578AE2 /* MainTabBarController.swift in Sources */,
				3060281F259B8DAA0046A2B0 /* MyProfileConstants.swift in Sources */,
				30CB74FD259238EF00CB84D6 /* FeedOrderConstants.swift in Sources */,
				30CB74E3259121C700CB84D6 /* FeedOrderInteractor.swift in Sources */,
				308365E82589E65200578AE2 /* FeedViewController.swift in Sources */,
				303A069E25947C8400C14BFD /* CommentConstants.swift in Sources */,
				303AB78E2580FB3300F287C2 /* AppDelegate.swift in Sources */,
				308365D82589E59500578AE2 /* MainTabBarInteractor.swift in Sources */,
				308D28CE258E4BA70088D340 /* TagsCollectionView.swift in Sources */,
				3083660B258A019A00578AE2 /* InsertableTextField.swift in Sources */,
				303AB7902580FB3300F287C2 /* SceneDelegate.swift in Sources */,
				30BC10BB2599156A00066D9B /* AlienProfileWorker.swift in Sources */,
				30CB74DE259121C700CB84D6 /* FeedOrderPresenter.swift in Sources */,
				307304EA258B7D0A0091D2F1 /* FeedDataFetcher.swift in Sources */,
				307304DD258B692A0091D2F1 /* FeedCell.swift in Sources */,
				308365E72589E65200578AE2 /* FeedModels.swift in Sources */,
				30CB74E2259121C700CB84D6 /* FeedOrderViewController.swift in Sources */,
				30BC10C8259920DA00066D9B /* AlienProfileConstants.swift in Sources */,
				303AB7A6258163F400F287C2 /* ModelsPlan.swift in Sources */,
				303A06862593B93400C14BFD /* PhotosCollectionView.swift in Sources */,
				30BC10BD2599156A00066D9B /* AlienProfileModels.swift in Sources */,
				30ED20C6258F8BF70039818A /* FeedCollectionView.swift in Sources */,
				308365E62589E65200578AE2 /* FeedRouter.swift in Sources */,
				30BC10DF259A04C200066D9B /* AlienProfileError.swift in Sources */,
				30CB74E0259121C700CB84D6 /* FeedOrderRouter.swift in Sources */,
				307304E4258B75BC0091D2F1 /* FeedResponse.swift in Sources */,
				30BC1102259AA0C500066D9B /* MyProfileModels.swift in Sources */,
				30BC1103259AA0C500066D9B /* MyProfileViewController.swift in Sources */,
				30CB74EF25912B3200CB84D6 /* GeneralModels.swift in Sources */,
				30BC1104259AA0C500066D9B /* MyProfileInteractor.swift in Sources */,
				30BC10BC2599156A00066D9B /* AlienProfileRouter.swift in Sources */,
				30CB74FA259237ED00CB84D6 /* WebImageView.swift in Sources */,
				30BC10BA2599156A00066D9B /* AlienProfilePresenter.swift in Sources */,
				30BC10FF259AA0C500066D9B /* MyProfilePresenter.swift in Sources */,
				30BC1100259AA0C500066D9B /* MyProfileWorker.swift in Sources */,
				308365E42589E65200578AE2 /* FeedPresenter.swift in Sources */,
				308365E52589E65200578AE2 /* FeedWorker.swift in Sources */,
				307304F7258B913D0091D2F1 /* UIViewController + Extension.swift in Sources */,
				302CDE9D258D6439000B4275 /* FeedConstants.swift in Sources */,
				30CB74F42592344900CB84D6 /* OrderTitleView.swift in Sources */,
				303A0694259477FF00C14BFD /* CommentRouter.swift in Sources */,
				308365D32589E59500578AE2 /* MainTabBarPresenter.swift in Sources */,
			);
			runOnlyForDeploymentPostprocessing = 0;
		};
/* End PBXSourcesBuildPhase section */

/* Begin PBXVariantGroup section */
		303AB7982580FB3600F287C2 /* LaunchScreen.storyboard */ = {
			isa = PBXVariantGroup;
			children = (
				303AB7992580FB3600F287C2 /* Base */,
			);
			name = LaunchScreen.storyboard;
			sourceTree = "<group>";
		};
/* End PBXVariantGroup section */

/* Begin XCBuildConfiguration section */
		303AB79C2580FB3600F287C2 /* Debug */ = {
			isa = XCBuildConfiguration;
			buildSettings = {
				ALWAYS_SEARCH_USER_PATHS = NO;
				CLANG_ANALYZER_NONNULL = YES;
				CLANG_ANALYZER_NUMBER_OBJECT_CONVERSION = YES_AGGRESSIVE;
				CLANG_CXX_LANGUAGE_STANDARD = "gnu++14";
				CLANG_CXX_LIBRARY = "libc++";
				CLANG_ENABLE_MODULES = YES;
				CLANG_ENABLE_OBJC_ARC = YES;
				CLANG_ENABLE_OBJC_WEAK = YES;
				CLANG_WARN_BLOCK_CAPTURE_AUTORELEASING = YES;
				CLANG_WARN_BOOL_CONVERSION = YES;
				CLANG_WARN_COMMA = YES;
				CLANG_WARN_CONSTANT_CONVERSION = YES;
				CLANG_WARN_DEPRECATED_OBJC_IMPLEMENTATIONS = YES;
				CLANG_WARN_DIRECT_OBJC_ISA_USAGE = YES_ERROR;
				CLANG_WARN_DOCUMENTATION_COMMENTS = YES;
				CLANG_WARN_EMPTY_BODY = YES;
				CLANG_WARN_ENUM_CONVERSION = YES;
				CLANG_WARN_INFINITE_RECURSION = YES;
				CLANG_WARN_INT_CONVERSION = YES;
				CLANG_WARN_NON_LITERAL_NULL_CONVERSION = YES;
				CLANG_WARN_OBJC_IMPLICIT_RETAIN_SELF = YES;
				CLANG_WARN_OBJC_LITERAL_CONVERSION = YES;
				CLANG_WARN_OBJC_ROOT_CLASS = YES_ERROR;
				CLANG_WARN_QUOTED_INCLUDE_IN_FRAMEWORK_HEADER = YES;
				CLANG_WARN_RANGE_LOOP_ANALYSIS = YES;
				CLANG_WARN_STRICT_PROTOTYPES = YES;
				CLANG_WARN_SUSPICIOUS_MOVE = YES;
				CLANG_WARN_UNGUARDED_AVAILABILITY = YES_AGGRESSIVE;
				CLANG_WARN_UNREACHABLE_CODE = YES;
				CLANG_WARN__DUPLICATE_METHOD_MATCH = YES;
				COPY_PHASE_STRIP = NO;
				DEBUG_INFORMATION_FORMAT = dwarf;
				ENABLE_STRICT_OBJC_MSGSEND = YES;
				ENABLE_TESTABILITY = YES;
				GCC_C_LANGUAGE_STANDARD = gnu11;
				GCC_DYNAMIC_NO_PIC = NO;
				GCC_NO_COMMON_BLOCKS = YES;
				GCC_OPTIMIZATION_LEVEL = 0;
				GCC_PREPROCESSOR_DEFINITIONS = (
					"DEBUG=1",
					"$(inherited)",
				);
				GCC_WARN_64_TO_32_BIT_CONVERSION = YES;
				GCC_WARN_ABOUT_RETURN_TYPE = YES_ERROR;
				GCC_WARN_UNDECLARED_SELECTOR = YES;
				GCC_WARN_UNINITIALIZED_AUTOS = YES_AGGRESSIVE;
				GCC_WARN_UNUSED_FUNCTION = YES;
				GCC_WARN_UNUSED_VARIABLE = YES;
				IPHONEOS_DEPLOYMENT_TARGET = 14.2;
				MTL_ENABLE_DEBUG_INFO = INCLUDE_SOURCE;
				MTL_FAST_MATH = YES;
				ONLY_ACTIVE_ARCH = YES;
				SDKROOT = iphoneos;
				SWIFT_ACTIVE_COMPILATION_CONDITIONS = DEBUG;
				SWIFT_OPTIMIZATION_LEVEL = "-Onone";
			};
			name = Debug;
		};
		303AB79D2580FB3600F287C2 /* Release */ = {
			isa = XCBuildConfiguration;
			buildSettings = {
				ALWAYS_SEARCH_USER_PATHS = NO;
				CLANG_ANALYZER_NONNULL = YES;
				CLANG_ANALYZER_NUMBER_OBJECT_CONVERSION = YES_AGGRESSIVE;
				CLANG_CXX_LANGUAGE_STANDARD = "gnu++14";
				CLANG_CXX_LIBRARY = "libc++";
				CLANG_ENABLE_MODULES = YES;
				CLANG_ENABLE_OBJC_ARC = YES;
				CLANG_ENABLE_OBJC_WEAK = YES;
				CLANG_WARN_BLOCK_CAPTURE_AUTORELEASING = YES;
				CLANG_WARN_BOOL_CONVERSION = YES;
				CLANG_WARN_COMMA = YES;
				CLANG_WARN_CONSTANT_CONVERSION = YES;
				CLANG_WARN_DEPRECATED_OBJC_IMPLEMENTATIONS = YES;
				CLANG_WARN_DIRECT_OBJC_ISA_USAGE = YES_ERROR;
				CLANG_WARN_DOCUMENTATION_COMMENTS = YES;
				CLANG_WARN_EMPTY_BODY = YES;
				CLANG_WARN_ENUM_CONVERSION = YES;
				CLANG_WARN_INFINITE_RECURSION = YES;
				CLANG_WARN_INT_CONVERSION = YES;
				CLANG_WARN_NON_LITERAL_NULL_CONVERSION = YES;
				CLANG_WARN_OBJC_IMPLICIT_RETAIN_SELF = YES;
				CLANG_WARN_OBJC_LITERAL_CONVERSION = YES;
				CLANG_WARN_OBJC_ROOT_CLASS = YES_ERROR;
				CLANG_WARN_QUOTED_INCLUDE_IN_FRAMEWORK_HEADER = YES;
				CLANG_WARN_RANGE_LOOP_ANALYSIS = YES;
				CLANG_WARN_STRICT_PROTOTYPES = YES;
				CLANG_WARN_SUSPICIOUS_MOVE = YES;
				CLANG_WARN_UNGUARDED_AVAILABILITY = YES_AGGRESSIVE;
				CLANG_WARN_UNREACHABLE_CODE = YES;
				CLANG_WARN__DUPLICATE_METHOD_MATCH = YES;
				COPY_PHASE_STRIP = NO;
				DEBUG_INFORMATION_FORMAT = "dwarf-with-dsym";
				ENABLE_NS_ASSERTIONS = NO;
				ENABLE_STRICT_OBJC_MSGSEND = YES;
				GCC_C_LANGUAGE_STANDARD = gnu11;
				GCC_NO_COMMON_BLOCKS = YES;
				GCC_WARN_64_TO_32_BIT_CONVERSION = YES;
				GCC_WARN_ABOUT_RETURN_TYPE = YES_ERROR;
				GCC_WARN_UNDECLARED_SELECTOR = YES;
				GCC_WARN_UNINITIALIZED_AUTOS = YES_AGGRESSIVE;
				GCC_WARN_UNUSED_FUNCTION = YES;
				GCC_WARN_UNUSED_VARIABLE = YES;
				IPHONEOS_DEPLOYMENT_TARGET = 14.2;
				MTL_ENABLE_DEBUG_INFO = NO;
				MTL_FAST_MATH = YES;
				SDKROOT = iphoneos;
				SWIFT_COMPILATION_MODE = wholemodule;
				SWIFT_OPTIMIZATION_LEVEL = "-O";
				VALIDATE_PRODUCT = YES;
			};
			name = Release;
		};
		303AB79F2580FB3600F287C2 /* Debug */ = {
			isa = XCBuildConfiguration;
			buildSettings = {
				ASSETCATALOG_COMPILER_APPICON_NAME = AppIcon;
				ASSETCATALOG_COMPILER_GLOBAL_ACCENT_COLOR_NAME = AccentColor;
				CODE_SIGN_STYLE = Automatic;
				DEVELOPMENT_TEAM = GL28D5C2MP;
				INFOPLIST_FILE = LetsSwap/Info.plist;
				LD_RUNPATH_SEARCH_PATHS = (
					"$(inherited)",
					"@executable_path/Frameworks",
				);
				PRODUCT_BUNDLE_IDENTIFIER = Bsw20.LetsSwap;
				PRODUCT_NAME = "$(TARGET_NAME)";
				SWIFT_VERSION = 5.0;
				TARGETED_DEVICE_FAMILY = "1,2";
			};
			name = Debug;
		};
		303AB7A02580FB3600F287C2 /* Release */ = {
			isa = XCBuildConfiguration;
			buildSettings = {
				ASSETCATALOG_COMPILER_APPICON_NAME = AppIcon;
				ASSETCATALOG_COMPILER_GLOBAL_ACCENT_COLOR_NAME = AccentColor;
				CODE_SIGN_STYLE = Automatic;
				DEVELOPMENT_TEAM = GL28D5C2MP;
				INFOPLIST_FILE = LetsSwap/Info.plist;
				LD_RUNPATH_SEARCH_PATHS = (
					"$(inherited)",
					"@executable_path/Frameworks",
				);
				PRODUCT_BUNDLE_IDENTIFIER = Bsw20.LetsSwap;
				PRODUCT_NAME = "$(TARGET_NAME)";
				SWIFT_VERSION = 5.0;
				TARGETED_DEVICE_FAMILY = "1,2";
			};
			name = Release;
		};
/* End XCBuildConfiguration section */

/* Begin XCConfigurationList section */
		303AB7852580FB3300F287C2 /* Build configuration list for PBXProject "LetsSwap" */ = {
			isa = XCConfigurationList;
			buildConfigurations = (
				303AB79C2580FB3600F287C2 /* Debug */,
				303AB79D2580FB3600F287C2 /* Release */,
			);
			defaultConfigurationIsVisible = 0;
			defaultConfigurationName = Release;
		};
		303AB79E2580FB3600F287C2 /* Build configuration list for PBXNativeTarget "LetsSwap" */ = {
			isa = XCConfigurationList;
			buildConfigurations = (
				303AB79F2580FB3600F287C2 /* Debug */,
				303AB7A02580FB3600F287C2 /* Release */,
			);
			defaultConfigurationIsVisible = 0;
			defaultConfigurationName = Release;
		};
/* End XCConfigurationList section */
	};
	rootObject = 303AB7822580FB3300F287C2 /* Project object */;
}
